// !$*UTF8*$!
{
	archiveVersion = 1;
	classes = {
	};
	objectVersion = 55;
	objects = {

/* Begin PBXBuildFile section */
		014F32E727D6AA7400037093 /* AppDelegate.swift in Sources */ = {isa = PBXBuildFile; fileRef = 014F32E627D6AA7400037093 /* AppDelegate.swift */; };
		014F32E927D6AA7400037093 /* SceneDelegate.swift in Sources */ = {isa = PBXBuildFile; fileRef = 014F32E827D6AA7400037093 /* SceneDelegate.swift */; };
		014F32EB27D6AA7400037093 /* ViewController.swift in Sources */ = {isa = PBXBuildFile; fileRef = 014F32EA27D6AA7400037093 /* ViewController.swift */; };
		014F32EE27D6AA7400037093 /* Main.storyboard in Resources */ = {isa = PBXBuildFile; fileRef = 014F32EC27D6AA7400037093 /* Main.storyboard */; };
		014F32F027D6AA7500037093 /* Assets.xcassets in Resources */ = {isa = PBXBuildFile; fileRef = 014F32EF27D6AA7500037093 /* Assets.xcassets */; };
		014F32F327D6AA7500037093 /* LaunchScreen.storyboard in Resources */ = {isa = PBXBuildFile; fileRef = 014F32F127D6AA7500037093 /* LaunchScreen.storyboard */; };
		014F32FE27D6AA7600037093 /* Articles_TaskTests.swift in Sources */ = {isa = PBXBuildFile; fileRef = 014F32FD27D6AA7600037093 /* Articles_TaskTests.swift */; };
		014F330827D6AA7600037093 /* Articles_TaskUITests.swift in Sources */ = {isa = PBXBuildFile; fileRef = 014F330727D6AA7600037093 /* Articles_TaskUITests.swift */; };
		014F330A27D6AA7600037093 /* Articles_TaskUITestsLaunchTests.swift in Sources */ = {isa = PBXBuildFile; fileRef = 014F330927D6AA7600037093 /* Articles_TaskUITestsLaunchTests.swift */; };
/* End PBXBuildFile section */

/* Begin PBXContainerItemProxy section */
		014F32FA27D6AA7600037093 /* PBXContainerItemProxy */ = {
			isa = PBXContainerItemProxy;
			containerPortal = 014F32DB27D6AA7400037093 /* Project object */;
			proxyType = 1;
			remoteGlobalIDString = 014F32E227D6AA7400037093;
			remoteInfo = Articles_Task;
		};
		014F330427D6AA7600037093 /* PBXContainerItemProxy */ = {
			isa = PBXContainerItemProxy;
			containerPortal = 014F32DB27D6AA7400037093 /* Project object */;
			proxyType = 1;
			remoteGlobalIDString = 014F32E227D6AA7400037093;
			remoteInfo = Articles_Task;
		};
/* End PBXContainerItemProxy section */

/* Begin PBXFileReference section */
		014F32E327D6AA7400037093 /* Articles_Task.app */ = {isa = PBXFileReference; explicitFileType = wrapper.application; includeInIndex = 0; path = Articles_Task.app; sourceTree = BUILT_PRODUCTS_DIR; };
		014F32E627D6AA7400037093 /* AppDelegate.swift */ = {isa = PBXFileReference; lastKnownFileType = sourcecode.swift; path = AppDelegate.swift; sourceTree = "<group>"; };
		014F32E827D6AA7400037093 /* SceneDelegate.swift */ = {isa = PBXFileReference; lastKnownFileType = sourcecode.swift; path = SceneDelegate.swift; sourceTree = "<group>"; };
		014F32EA27D6AA7400037093 /* ViewController.swift */ = {isa = PBXFileReference; lastKnownFileType = sourcecode.swift; path = ViewController.swift; sourceTree = "<group>"; };
		014F32ED27D6AA7400037093 /* Base */ = {isa = PBXFileReference; lastKnownFileType = file.storyboard; name = Base; path = Base.lproj/Main.storyboard; sourceTree = "<group>"; };
		014F32EF27D6AA7500037093 /* Assets.xcassets */ = {isa = PBXFileReference; lastKnownFileType = folder.assetcatalog; path = Assets.xcassets; sourceTree = "<group>"; };
		014F32F227D6AA7500037093 /* Base */ = {isa = PBXFileReference; lastKnownFileType = file.storyboard; name = Base; path = Base.lproj/LaunchScreen.storyboard; sourceTree = "<group>"; };
		014F32F427D6AA7500037093 /* Info.plist */ = {isa = PBXFileReference; lastKnownFileType = text.plist.xml; path = Info.plist; sourceTree = "<group>"; };
		014F32F927D6AA7600037093 /* Articles_TaskTests.xctest */ = {isa = PBXFileReference; explicitFileType = wrapper.cfbundle; includeInIndex = 0; path = Articles_TaskTests.xctest; sourceTree = BUILT_PRODUCTS_DIR; };
		014F32FD27D6AA7600037093 /* Articles_TaskTests.swift */ = {isa = PBXFileReference; lastKnownFileType = sourcecode.swift; path = Articles_TaskTests.swift; sourceTree = "<group>"; };
		014F330327D6AA7600037093 /* Articles_TaskUITests.xctest */ = {isa = PBXFileReference; explicitFileType = wrapper.cfbundle; includeInIndex = 0; path = Articles_TaskUITests.xctest; sourceTree = BUILT_PRODUCTS_DIR; };
		014F330727D6AA7600037093 /* Articles_TaskUITests.swift */ = {isa = PBXFileReference; lastKnownFileType = sourcecode.swift; path = Articles_TaskUITests.swift; sourceTree = "<group>"; };
		014F330927D6AA7600037093 /* Articles_TaskUITestsLaunchTests.swift */ = {isa = PBXFileReference; lastKnownFileType = sourcecode.swift; path = Articles_TaskUITestsLaunchTests.swift; sourceTree = "<group>"; };
/* End PBXFileReference section */

/* Begin PBXFrameworksBuildPhase section */
		014F32E027D6AA7400037093 /* Frameworks */ = {
			isa = PBXFrameworksBuildPhase;
			buildActionMask = 2147483647;
			files = (
			);
			runOnlyForDeploymentPostprocessing = 0;
		};
		014F32F627D6AA7600037093 /* Frameworks */ = {
			isa = PBXFrameworksBuildPhase;
			buildActionMask = 2147483647;
			files = (
			);
			runOnlyForDeploymentPostprocessing = 0;
		};
		014F330027D6AA7600037093 /* Frameworks */ = {
			isa = PBXFrameworksBuildPhase;
			buildActionMask = 2147483647;
			files = (
			);
			runOnlyForDeploymentPostprocessing = 0;
		};
/* End PBXFrameworksBuildPhase section */

/* Begin PBXGroup section */
		014F32DA27D6AA7400037093 = {
			isa = PBXGroup;
			children = (
				014F32E527D6AA7400037093 /* Articles_Task */,
				014F32FC27D6AA7600037093 /* Articles_TaskTests */,
				014F330627D6AA7600037093 /* Articles_TaskUITests */,
				014F32E427D6AA7400037093 /* Products */,
			);
			sourceTree = "<group>";
		};
		014F32E427D6AA7400037093 /* Products */ = {
			isa = PBXGroup;
			children = (
				014F32E327D6AA7400037093 /* Articles_Task.app */,
				014F32F927D6AA7600037093 /* Articles_TaskTests.xctest */,
				014F330327D6AA7600037093 /* Articles_TaskUITests.xctest */,
			);
			name = Products;
			sourceTree = "<group>";
		};
		014F32E527D6AA7400037093 /* Articles_Task */ = {
			isa = PBXGroup;
			children = (
				014F32E627D6AA7400037093 /* AppDelegate.swift */,
				014F32E827D6AA7400037093 /* SceneDelegate.swift */,
				014F32EA27D6AA7400037093 /* ViewController.swift */,
				014F32EC27D6AA7400037093 /* Main.storyboard */,
				014F32EF27D6AA7500037093 /* Assets.xcassets */,
				014F32F127D6AA7500037093 /* LaunchScreen.storyboard */,
				014F32F427D6AA7500037093 /* Info.plist */,
			);
			path = Articles_Task;
			sourceTree = "<group>";
		};
		014F32FC27D6AA7600037093 /* Articles_TaskTests */ = {
			isa = PBXGroup;
			children = (
				014F32FD27D6AA7600037093 /* Articles_TaskTests.swift */,
			);
			path = Articles_TaskTests;
			sourceTree = "<group>";
		};
		014F330627D6AA7600037093 /* Articles_TaskUITests */ = {
			isa = PBXGroup;
			children = (
				014F330727D6AA7600037093 /* Articles_TaskUITests.swift */,
				014F330927D6AA7600037093 /* Articles_TaskUITestsLaunchTests.swift */,
			);
			path = Articles_TaskUITests;
			sourceTree = "<group>";
		};
/* End PBXGroup section */

/* Begin PBXNativeTarget section */
		014F32E227D6AA7400037093 /* Articles_Task */ = {
			isa = PBXNativeTarget;
			buildConfigurationList = 014F330D27D6AA7600037093 /* Build configuration list for PBXNativeTarget "Articles_Task" */;
			buildPhases = (
				014F32DF27D6AA7400037093 /* Sources */,
				014F32E027D6AA7400037093 /* Frameworks */,
				014F32E127D6AA7400037093 /* Resources */,
			);
			buildRules = (
			);
			dependencies = (
			);
			name = Articles_Task;
			productName = Articles_Task;
			productReference = 014F32E327D6AA7400037093 /* Articles_Task.app */;
			productType = "com.apple.product-type.application";
		};
		014F32F827D6AA7600037093 /* Articles_TaskTests */ = {
			isa = PBXNativeTarget;
			buildConfigurationList = 014F331027D6AA7600037093 /* Build configuration list for PBXNativeTarget "Articles_TaskTests" */;
			buildPhases = (
				014F32F527D6AA7600037093 /* Sources */,
				014F32F627D6AA7600037093 /* Frameworks */,
				014F32F727D6AA7600037093 /* Resources */,
			);
			buildRules = (
			);
			dependencies = (
				014F32FB27D6AA7600037093 /* PBXTargetDependency */,
			);
			name = Articles_TaskTests;
			productName = Articles_TaskTests;
			productReference = 014F32F927D6AA7600037093 /* Articles_TaskTests.xctest */;
			productType = "com.apple.product-type.bundle.unit-test";
		};
		014F330227D6AA7600037093 /* Articles_TaskUITests */ = {
			isa = PBXNativeTarget;
			buildConfigurationList = 014F331327D6AA7600037093 /* Build configuration list for PBXNativeTarget "Articles_TaskUITests" */;
			buildPhases = (
				014F32FF27D6AA7600037093 /* Sources */,
				014F330027D6AA7600037093 /* Frameworks */,
				014F330127D6AA7600037093 /* Resources */,
			);
			buildRules = (
			);
			dependencies = (
				014F330527D6AA7600037093 /* PBXTargetDependency */,
			);
			name = Articles_TaskUITests;
			productName = Articles_TaskUITests;
			productReference = 014F330327D6AA7600037093 /* Articles_TaskUITests.xctest */;
			productType = "com.apple.product-type.bundle.ui-testing";
		};
/* End PBXNativeTarget section */

/* Begin PBXProject section */
		014F32DB27D6AA7400037093 /* Project object */ = {
			isa = PBXProject;
			attributes = {
				BuildIndependentTargetsInParallel = 1;
				LastSwiftUpdateCheck = 1320;
				LastUpgradeCheck = 1320;
				TargetAttributes = {
					014F32E227D6AA7400037093 = {
						CreatedOnToolsVersion = 13.2.1;
					};
					014F32F827D6AA7600037093 = {
						CreatedOnToolsVersion = 13.2.1;
						TestTargetID = 014F32E227D6AA7400037093;
					};
					014F330227D6AA7600037093 = {
						CreatedOnToolsVersion = 13.2.1;
						TestTargetID = 014F32E227D6AA7400037093;
					};
				};
			};
			buildConfigurationList = 014F32DE27D6AA7400037093 /* Build configuration list for PBXProject "Articles_Task" */;
			compatibilityVersion = "Xcode 13.0";
			developmentRegion = en;
			hasScannedForEncodings = 0;
			knownRegions = (
				en,
				Base,
			);
			mainGroup = 014F32DA27D6AA7400037093;
			productRefGroup = 014F32E427D6AA7400037093 /* Products */;
			projectDirPath = "";
			projectRoot = "";
			targets = (
				014F32E227D6AA7400037093 /* Articles_Task */,
				014F32F827D6AA7600037093 /* Articles_TaskTests */,
				014F330227D6AA7600037093 /* Articles_TaskUITests */,
			);
		};
/* End PBXProject section */

/* Begin PBXResourcesBuildPhase section */
		014F32E127D6AA7400037093 /* Resources */ = {
			isa = PBXResourcesBuildPhase;
			buildActionMask = 2147483647;
			files = (
				014F32F327D6AA7500037093 /* LaunchScreen.storyboard in Resources */,
				014F32F027D6AA7500037093 /* Assets.xcassets in Resources */,
				014F32EE27D6AA7400037093 /* Main.storyboard in Resources */,
			);
			runOnlyForDeploymentPostprocessing = 0;
		};
		014F32F727D6AA7600037093 /* Resources */ = {
			isa = PBXResourcesBuildPhase;
			buildActionMask = 2147483647;
			files = (
			);
			runOnlyForDeploymentPostprocessing = 0;
		};
		014F330127D6AA7600037093 /* Resources */ = {
			isa = PBXResourcesBuildPhase;
			buildActionMask = 2147483647;
			files = (
			);
			runOnlyForDeploymentPostprocessing = 0;
		};
/* End PBXResourcesBuildPhase section */

/* Begin PBXSourcesBuildPhase section */
		014F32DF27D6AA7400037093 /* Sources */ = {
			isa = PBXSourcesBuildPhase;
			buildActionMask = 2147483647;
			files = (
				014F32EB27D6AA7400037093 /* ViewController.swift in Sources */,
				014F32E727D6AA7400037093 /* AppDelegate.swift in Sources */,
				014F32E927D6AA7400037093 /* SceneDelegate.swift in Sources */,
			);
			runOnlyForDeploymentPostprocessing = 0;
		};
		014F32F527D6AA7600037093 /* Sources */ = {
			isa = PBXSourcesBuildPhase;
			buildActionMask = 2147483647;
			files = (
				014F32FE27D6AA7600037093 /* Articles_TaskTests.swift in Sources */,
			);
			runOnlyForDeploymentPostprocessing = 0;
		};
		014F32FF27D6AA7600037093 /* Sources */ = {
			isa = PBXSourcesBuildPhase;
			buildActionMask = 2147483647;
			files = (
				014F330A27D6AA7600037093 /* Articles_TaskUITestsLaunchTests.swift in Sources */,
				014F330827D6AA7600037093 /* Articles_TaskUITests.swift in Sources */,
			);
			runOnlyForDeploymentPostprocessing = 0;
		};
/* End PBXSourcesBuildPhase section */

/* Begin PBXTargetDependency section */
		014F32FB27D6AA7600037093 /* PBXTargetDependency */ = {
			isa = PBXTargetDependency;
			target = 014F32E227D6AA7400037093 /* Articles_Task */;
			targetProxy = 014F32FA27D6AA7600037093 /* PBXContainerItemProxy */;
		};
		014F330527D6AA7600037093 /* PBXTargetDependency */ = {
			isa = PBXTargetDependency;
			target = 014F32E227D6AA7400037093 /* Articles_Task */;
			targetProxy = 014F330427D6AA7600037093 /* PBXContainerItemProxy */;
		};
/* End PBXTargetDependency section */

/* Begin PBXVariantGroup section */
		014F32EC27D6AA7400037093 /* Main.storyboard */ = {
			isa = PBXVariantGroup;
			children = (
				014F32ED27D6AA7400037093 /* Base */,
			);
			name = Main.storyboard;
			sourceTree = "<group>";
		};
		014F32F127D6AA7500037093 /* LaunchScreen.storyboard */ = {
			isa = PBXVariantGroup;
			children = (
				014F32F227D6AA7500037093 /* Base */,
			);
			name = LaunchScreen.storyboard;
			sourceTree = "<group>";
		};
/* End PBXVariantGroup section */

/* Begin XCBuildConfiguration section */
		014F330B27D6AA7600037093 /* Debug */ = {
			isa = XCBuildConfiguration;
			buildSettings = {
				ALWAYS_SEARCH_USER_PATHS = NO;
				CLANG_ANALYZER_NONNULL = YES;
				CLANG_ANALYZER_NUMBER_OBJECT_CONVERSION = YES_AGGRESSIVE;
				CLANG_CXX_LANGUAGE_STANDARD = "gnu++17";
				CLANG_CXX_LIBRARY = "libc++";
				CLANG_ENABLE_MODULES = YES;
				CLANG_ENABLE_OBJC_ARC = YES;
				CLANG_ENABLE_OBJC_WEAK = YES;
				CLANG_WARN_BLOCK_CAPTURE_AUTORELEASING = YES;
				CLANG_WARN_BOOL_CONVERSION = YES;
				CLANG_WARN_COMMA = YES;
				CLANG_WARN_CONSTANT_CONVERSION = YES;
				CLANG_WARN_DEPRECATED_OBJC_IMPLEMENTATIONS = YES;
				CLANG_WARN_DIRECT_OBJC_ISA_USAGE = YES_ERROR;
				CLANG_WARN_DOCUMENTATION_COMMENTS = YES;
				CLANG_WARN_EMPTY_BODY = YES;
				CLANG_WARN_ENUM_CONVERSION = YES;
				CLANG_WARN_INFINITE_RECURSION = YES;
				CLANG_WARN_INT_CONVERSION = YES;
				CLANG_WARN_NON_LITERAL_NULL_CONVERSION = YES;
				CLANG_WARN_OBJC_IMPLICIT_RETAIN_SELF = YES;
				CLANG_WARN_OBJC_LITERAL_CONVERSION = YES;
				CLANG_WARN_OBJC_ROOT_CLASS = YES_ERROR;
				CLANG_WARN_QUOTED_INCLUDE_IN_FRAMEWORK_HEADER = YES;
				CLANG_WARN_RANGE_LOOP_ANALYSIS = YES;
				CLANG_WARN_STRICT_PROTOTYPES = YES;
				CLANG_WARN_SUSPICIOUS_MOVE = YES;
				CLANG_WARN_UNGUARDED_AVAILABILITY = YES_AGGRESSIVE;
				CLANG_WARN_UNREACHABLE_CODE = YES;
				CLANG_WARN__DUPLICATE_METHOD_MATCH = YES;
				COPY_PHASE_STRIP = NO;
				DEBUG_INFORMATION_FORMAT = dwarf;
				ENABLE_STRICT_OBJC_MSGSEND = YES;
				ENABLE_TESTABILITY = YES;
				GCC_C_LANGUAGE_STANDARD = gnu11;
				GCC_DYNAMIC_NO_PIC = NO;
				GCC_NO_COMMON_BLOCKS = YES;
				GCC_OPTIMIZATION_LEVEL = 0;
				GCC_PREPROCESSOR_DEFINITIONS = (
					"DEBUG=1",
					"$(inherited)",
				);
				GCC_WARN_64_TO_32_BIT_CONVERSION = YES;
				GCC_WARN_ABOUT_RETURN_TYPE = YES_ERROR;
				GCC_WARN_UNDECLARED_SELECTOR = YES;
				GCC_WARN_UNINITIALIZED_AUTOS = YES_AGGRESSIVE;
				GCC_WARN_UNUSED_FUNCTION = YES;
				GCC_WARN_UNUSED_VARIABLE = YES;
				IPHONEOS_DEPLOYMENT_TARGET = 15.2;
				MTL_ENABLE_DEBUG_INFO = INCLUDE_SOURCE;
				MTL_FAST_MATH = YES;
				ONLY_ACTIVE_ARCH = YES;
				SDKROOT = iphoneos;
				SWIFT_ACTIVE_COMPILATION_CONDITIONS = DEBUG;
				SWIFT_OPTIMIZATION_LEVEL = "-Onone";
			};
			name = Debug;
		};
		014F330C27D6AA7600037093 /* Release */ = {
			isa = XCBuildConfiguration;
			buildSettings = {
				ALWAYS_SEARCH_USER_PATHS = NO;
				CLANG_ANALYZER_NONNULL = YES;
				CLANG_ANALYZER_NUMBER_OBJECT_CONVERSION = YES_AGGRESSIVE;
				CLANG_CXX_LANGUAGE_STANDARD = "gnu++17";
				CLANG_CXX_LIBRARY = "libc++";
				CLANG_ENABLE_MODULES = YES;
				CLANG_ENABLE_OBJC_ARC = YES;
				CLANG_ENABLE_OBJC_WEAK = YES;
				CLANG_WARN_BLOCK_CAPTURE_AUTORELEASING = YES;
				CLANG_WARN_BOOL_CONVERSION = YES;
				CLANG_WARN_COMMA = YES;
				CLANG_WARN_CONSTANT_CONVERSION = YES;
				CLANG_WARN_DEPRECATED_OBJC_IMPLEMENTATIONS = YES;
				CLANG_WARN_DIRECT_OBJC_ISA_USAGE = YES_ERROR;
				CLANG_WARN_DOCUMENTATION_COMMENTS = YES;
				CLANG_WARN_EMPTY_BODY = YES;
				CLANG_WARN_ENUM_CONVERSION = YES;
				CLANG_WARN_INFINITE_RECURSION = YES;
				CLANG_WARN_INT_CONVERSION = YES;
				CLANG_WARN_NON_LITERAL_NULL_CONVERSION = YES;
				CLANG_WARN_OBJC_IMPLICIT_RETAIN_SELF = YES;
				CLANG_WARN_OBJC_LITERAL_CONVERSION = YES;
				CLANG_WARN_OBJC_ROOT_CLASS = YES_ERROR;
				CLANG_WARN_QUOTED_INCLUDE_IN_FRAMEWORK_HEADER = YES;
				CLANG_WARN_RANGE_LOOP_ANALYSIS = YES;
				CLANG_WARN_STRICT_PROTOTYPES = YES;
				CLANG_WARN_SUSPICIOUS_MOVE = YES;
				CLANG_WARN_UNGUARDED_AVAILABILITY = YES_AGGRESSIVE;
				CLANG_WARN_UNREACHABLE_CODE = YES;
				CLANG_WARN__DUPLICATE_METHOD_MATCH = YES;
				COPY_PHASE_STRIP = NO;
				DEBUG_INFORMATION_FORMAT = "dwarf-with-dsym";
				ENABLE_NS_ASSERTIONS = NO;
				ENABLE_STRICT_OBJC_MSGSEND = YES;
				GCC_C_LANGUAGE_STANDARD = gnu11;
				GCC_NO_COMMON_BLOCKS = YES;
				GCC_WARN_64_TO_32_BIT_CONVERSION = YES;
				GCC_WARN_ABOUT_RETURN_TYPE = YES_ERROR;
				GCC_WARN_UNDECLARED_SELECTOR = YES;
				GCC_WARN_UNINITIALIZED_AUTOS = YES_AGGRESSIVE;
				GCC_WARN_UNUSED_FUNCTION = YES;
				GCC_WARN_UNUSED_VARIABLE = YES;
				IPHONEOS_DEPLOYMENT_TARGET = 15.2;
				MTL_ENABLE_DEBUG_INFO = NO;
				MTL_FAST_MATH = YES;
				SDKROOT = iphoneos;
				SWIFT_COMPILATION_MODE = wholemodule;
				SWIFT_OPTIMIZATION_LEVEL = "-O";
				VALIDATE_PRODUCT = YES;
			};
			name = Release;
		};
		014F330E27D6AA7600037093 /* Debug */ = {
			isa = XCBuildConfiguration;
			buildSettings = {
				ASSETCATALOG_COMPILER_APPICON_NAME = AppIcon;
				ASSETCATALOG_COMPILER_GLOBAL_ACCENT_COLOR_NAME = AccentColor;
				CODE_SIGN_STYLE = Automatic;
				CURRENT_PROJECT_VERSION = 1;
				DEVELOPMENT_TEAM = K299V5NB32;
				GENERATE_INFOPLIST_FILE = YES;
				INFOPLIST_FILE = Articles_Task/Info.plist;
				INFOPLIST_KEY_UIApplicationSupportsIndirectInputEvents = YES;
				INFOPLIST_KEY_UILaunchStoryboardName = LaunchScreen;
				INFOPLIST_KEY_UIMainStoryboardFile = Main;
				INFOPLIST_KEY_UISupportedInterfaceOrientations_iPad = "UIInterfaceOrientationPortrait UIInterfaceOrientationPortraitUpsideDown UIInterfaceOrientationLandscapeLeft UIInterfaceOrientationLandscapeRight";
				INFOPLIST_KEY_UISupportedInterfaceOrientations_iPhone = "UIInterfaceOrientationPortrait UIInterfaceOrientationLandscapeLeft UIInterfaceOrientationLandscapeRight";
				LD_RUNPATH_SEARCH_PATHS = (
					"$(inherited)",
					"@executable_path/Frameworks",
				);
				MARKETING_VERSION = 1.0;
				PRODUCT_BUNDLE_IDENTIFIER = "com.moamen.Articles-Task";
				PRODUCT_NAME = "$(TARGET_NAME)";
				SWIFT_EMIT_LOC_STRINGS = YES;
				SWIFT_VERSION = 5.0;
				TARGETED_DEVICE_FAMILY = "1,2";
			};
			name = Debug;
		};
		014F330F27D6AA7600037093 /* Release */ = {
			isa = XCBuildConfiguration;
			buildSettings = {
				ASSETCATALOG_COMPILER_APPICON_NAME = AppIcon;
				ASSETCATALOG_COMPILER_GLOBAL_ACCENT_COLOR_NAME = AccentColor;
				CODE_SIGN_STYLE = Automatic;
				CURRENT_PROJECT_VERSION = 1;
				DEVELOPMENT_TEAM = K299V5NB32;
				GENERATE_INFOPLIST_FILE = YES;
				INFOPLIST_FILE = Articles_Task/Info.plist;
				INFOPLIST_KEY_UIApplicationSupportsIndirectInputEvents = YES;
				INFOPLIST_KEY_UILaunchStoryboardName = LaunchScreen;
				INFOPLIST_KEY_UIMainStoryboardFile = Main;
				INFOPLIST_KEY_UISupportedInterfaceOrientations_iPad = "UIInterfaceOrientationPortrait UIInterfaceOrientationPortraitUpsideDown UIInterfaceOrientationLandscapeLeft UIInterfaceOrientationLandscapeRight";
				INFOPLIST_KEY_UISupportedInterfaceOrientations_iPhone = "UIInterfaceOrientationPortrait UIInterfaceOrientationLandscapeLeft UIInterfaceOrientationLandscapeRight";
				LD_RUNPATH_SEARCH_PATHS = (
					"$(inherited)",
					"@executable_path/Frameworks",
				);
				MARKETING_VERSION = 1.0;
				PRODUCT_BUNDLE_IDENTIFIER = "com.moamen.Articles-Task";
				PRODUCT_NAME = "$(TARGET_NAME)";
				SWIFT_EMIT_LOC_STRINGS = YES;
				SWIFT_VERSION = 5.0;
				TARGETED_DEVICE_FAMILY = "1,2";
			};
			name = Release;
		};
		014F331127D6AA7600037093 /* Debug */ = {
			isa = XCBuildConfiguration;
			buildSettings = {
				ALWAYS_EMBED_SWIFT_STANDARD_LIBRARIES = YES;
				BUNDLE_LOADER = "$(TEST_HOST)";
				CODE_SIGN_STYLE = Automatic;
				CURRENT_PROJECT_VERSION = 1;
				DEVELOPMENT_TEAM = K299V5NB32;
				GENERATE_INFOPLIST_FILE = YES;
				IPHONEOS_DEPLOYMENT_TARGET = 15.2;
				MARKETING_VERSION = 1.0;
				PRODUCT_BUNDLE_IDENTIFIER = "com.moamen.Articles-TaskTests";
				PRODUCT_NAME = "$(TARGET_NAME)";
				SWIFT_EMIT_LOC_STRINGS = NO;
				SWIFT_VERSION = 5.0;
				TARGETED_DEVICE_FAMILY = "1,2";
				TEST_HOST = "$(BUILT_PRODUCTS_DIR)/Articles_Task.app/Articles_Task";
			};
			name = Debug;
		};
		014F331227D6AA7600037093 /* Release */ = {
			isa = XCBuildConfiguration;
			buildSettings = {
				ALWAYS_EMBED_SWIFT_STANDARD_LIBRARIES = YES;
				BUNDLE_LOADER = "$(TEST_HOST)";
				CODE_SIGN_STYLE = Automatic;
				CURRENT_PROJECT_VERSION = 1;
				DEVELOPMENT_TEAM = K299V5NB32;
				GENERATE_INFOPLIST_FILE = YES;
				IPHONEOS_DEPLOYMENT_TARGET = 15.2;
				MARKETING_VERSION = 1.0;
				PRODUCT_BUNDLE_IDENTIFIER = "com.moamen.Articles-TaskTests";
				PRODUCT_NAME = "$(TARGET_NAME)";
				SWIFT_EMIT_LOC_STRINGS = NO;
				SWIFT_VERSION = 5.0;
				TARGETED_DEVICE_FAMILY = "1,2";
				TEST_HOST = "$(BUILT_PRODUCTS_DIR)/Articles_Task.app/Articles_Task";
			};
			name = Release;
		};
		014F331427D6AA7600037093 /* Debug */ = {
			isa = XCBuildConfiguration;
			buildSettings = {
				ALWAYS_EMBED_SWIFT_STANDARD_LIBRARIES = YES;
				CODE_SIGN_STYLE = Automatic;
				CURRENT_PROJECT_VERSION = 1;
				DEVELOPMENT_TEAM = K299V5NB32;
				GENERATE_INFOPLIST_FILE = YES;
				MARKETING_VERSION = 1.0;
				PRODUCT_BUNDLE_IDENTIFIER = "com.moamen.Articles-TaskUITests";
				PRODUCT_NAME = "$(TARGET_NAME)";
				SWIFT_EMIT_LOC_STRINGS = NO;
				SWIFT_VERSION = 5.0;
				TARGETED_DEVICE_FAMILY = "1,2";
				TEST_TARGET_NAME = Articles_Task;
			};
			name = Debug;
		};
		014F331527D6AA7600037093 /* Release */ = {
			isa = XCBuildConfiguration;
			buildSettings = {
				ALWAYS_EMBED_SWIFT_STANDARD_LIBRARIES = YES;
				CODE_SIGN_STYLE = Automatic;
				CURRENT_PROJECT_VERSION = 1;
				DEVELOPMENT_TEAM = K299V5NB32;
				GENERATE_INFOPLIST_FILE = YES;
				MARKETING_VERSION = 1.0;
				PRODUCT_BUNDLE_IDENTIFIER = "com.moamen.Articles-TaskUITests";
				PRODUCT_NAME = "$(TARGET_NAME)";
				SWIFT_EMIT_LOC_STRINGS = NO;
				SWIFT_VERSION = 5.0;
				TARGETED_DEVICE_FAMILY = "1,2";
				TEST_TARGET_NAME = Articles_Task;
			};
			name = Release;
		};
/* End XCBuildConfiguration section */

/* Begin XCConfigurationList section */
		014F32DE27D6AA7400037093 /* Build configuration list for PBXProject "Articles_Task" */ = {
			isa = XCConfigurationList;
			buildConfigurations = (
				014F330B27D6AA7600037093 /* Debug */,
				014F330C27D6AA7600037093 /* Release */,
			);
			defaultConfigurationIsVisible = 0;
			defaultConfigurationName = Release;
		};
		014F330D27D6AA7600037093 /* Build configuration list for PBXNativeTarget "Articles_Task" */ = {
			isa = XCConfigurationList;
			buildConfigurations = (
				014F330E27D6AA7600037093 /* Debug */,
				014F330F27D6AA7600037093 /* Release */,
			);
			defaultConfigurationIsVisible = 0;
			defaultConfigurationName = Release;
		};
		014F331027D6AA7600037093 /* Build configuration list for PBXNativeTarget "Articles_TaskTests" */ = {
			isa = XCConfigurationList;
			buildConfigurations = (
				014F331127D6AA7600037093 /* Debug */,
				014F331227D6AA7600037093 /* Release */,
			);
			defaultConfigurationIsVisible = 0;
			defaultConfigurationName = Release;
		};
		014F331327D6AA7600037093 /* Build configuration list for PBXNativeTarget "Articles_TaskUITests" */ = {
			isa = XCConfigurationList;
			buildConfigurations = (
				014F331427D6AA7600037093 /* Debug */,
				014F331527D6AA7600037093 /* Release */,
			);
			defaultConfigurationIsVisible = 0;
			defaultConfigurationName = Release;
		};
/* End XCConfigurationList section */
	};
	rootObject = 014F32DB27D6AA7400037093 /* Project object */;
}
