// !$*UTF8*$!
{
	archiveVersion = 1;
	classes = {
	};
	objectVersion = 55;
	objects = {

/* Begin PBXBuildFile section */
		011C819D27D799DE002411B7 /* ArticleTableViewCell.swift in Sources */ = {isa = PBXBuildFile; fileRef = 011C819B27D799DE002411B7 /* ArticleTableViewCell.swift */; };
		011C819E27D799DE002411B7 /* ArticleTableViewCell.xib in Resources */ = {isa = PBXBuildFile; fileRef = 011C819C27D799DE002411B7 /* ArticleTableViewCell.xib */; };
		011C81A127D79AC1002411B7 /* ArticlesViewController+UI.swift in Sources */ = {isa = PBXBuildFile; fileRef = 011C81A027D79AC1002411B7 /* ArticlesViewController+UI.swift */; };
		011C81A327D79AE9002411B7 /* ArticlesViewController+TableView.swift in Sources */ = {isa = PBXBuildFile; fileRef = 011C81A227D79AE9002411B7 /* ArticlesViewController+TableView.swift */; };
		011C81A627D79CD1002411B7 /* UIView+Extensions.swift in Sources */ = {isa = PBXBuildFile; fileRef = 011C81A527D79CD1002411B7 /* UIView+Extensions.swift */; };
		011C81A927D79D05002411B7 /* UIImageView+Extensions.swift in Sources */ = {isa = PBXBuildFile; fileRef = 011C81A827D79D05002411B7 /* UIImageView+Extensions.swift */; };
		011C81AD27D79E6C002411B7 /* ArticlesService.swift in Sources */ = {isa = PBXBuildFile; fileRef = 011C81AC27D79E6C002411B7 /* ArticlesService.swift */; };
		011C81B027D79ED9002411B7 /* ArticleModel.swift in Sources */ = {isa = PBXBuildFile; fileRef = 011C81AF27D79ED9002411B7 /* ArticleModel.swift */; };
		011C81B227D79F00002411B7 /* ArticleResultModel.swift in Sources */ = {isa = PBXBuildFile; fileRef = 011C81B127D79F00002411B7 /* ArticleResultModel.swift */; };
		011C81B427D79F1F002411B7 /* ArticleResultMediaModel.swift in Sources */ = {isa = PBXBuildFile; fileRef = 011C81B327D79F1F002411B7 /* ArticleResultMediaModel.swift */; };
		011C81B627D79F3A002411B7 /* ArticleResultMediaMetaDataModel.swift in Sources */ = {isa = PBXBuildFile; fileRef = 011C81B527D79F3A002411B7 /* ArticleResultMediaMetaDataModel.swift */; };
		011C81B927D79F87002411B7 /* ArticlesDataServiceProtocol.swift in Sources */ = {isa = PBXBuildFile; fileRef = 011C81B827D79F87002411B7 /* ArticlesDataServiceProtocol.swift */; };
		011C81BB27D79FA7002411B7 /* ArticlesDataService.swift in Sources */ = {isa = PBXBuildFile; fileRef = 011C81BA27D79FA7002411B7 /* ArticlesDataService.swift */; };
		011C81BF27D7A015002411B7 /* ArticlesViewModelProtocol.swift in Sources */ = {isa = PBXBuildFile; fileRef = 011C81BE27D7A015002411B7 /* ArticlesViewModelProtocol.swift */; };
		011C81C127D7A046002411B7 /* ContentState.swift in Sources */ = {isa = PBXBuildFile; fileRef = 011C81C027D7A046002411B7 /* ContentState.swift */; };
		011C81C327D7A060002411B7 /* ArticlesViewModel.swift in Sources */ = {isa = PBXBuildFile; fileRef = 011C81C227D7A060002411B7 /* ArticlesViewModel.swift */; };
		011C81C627D7A0BF002411B7 /* ArticleListCellUIModel.swift in Sources */ = {isa = PBXBuildFile; fileRef = 011C81C527D7A0BF002411B7 /* ArticleListCellUIModel.swift */; };
		011C81C827D7A185002411B7 /* URLsConstants.swift in Sources */ = {isa = PBXBuildFile; fileRef = 011C81C727D7A185002411B7 /* URLsConstants.swift */; };
		011C81CA27D7A1D3002411B7 /* ArticlesViewController+Data.swift in Sources */ = {isa = PBXBuildFile; fileRef = 011C81C927D7A1D2002411B7 /* ArticlesViewController+Data.swift */; };
		011C81D427D7C428002411B7 /* ArticleDetailsViewController.swift in Sources */ = {isa = PBXBuildFile; fileRef = 011C81D327D7C427002411B7 /* ArticleDetailsViewController.swift */; };
		011C81D727D7C5E1002411B7 /* ArticlesViewController+Navigation.swift in Sources */ = {isa = PBXBuildFile; fileRef = 011C81D627D7C5E1002411B7 /* ArticlesViewController+Navigation.swift */; };
		011C81DB27D7CFF3002411B7 /* ArticlesViewControllerTests.swift in Sources */ = {isa = PBXBuildFile; fileRef = 011C81DA27D7CFF3002411B7 /* ArticlesViewControllerTests.swift */; };
		011C81DE27D7D01E002411B7 /* ArticlesViewModelTests.swift in Sources */ = {isa = PBXBuildFile; fileRef = 011C81DD27D7D01E002411B7 /* ArticlesViewModelTests.swift */; };
		011C81E127D7D04D002411B7 /* MockArticlesDataService.swift in Sources */ = {isa = PBXBuildFile; fileRef = 011C81E027D7D04D002411B7 /* MockArticlesDataService.swift */; };
		011C81E527D7E91E002411B7 /* articles_stub.json in Resources */ = {isa = PBXBuildFile; fileRef = 011C81E427D7E91E002411B7 /* articles_stub.json */; };
		014F32E727D6AA7400037093 /* AppDelegate.swift in Sources */ = {isa = PBXBuildFile; fileRef = 014F32E627D6AA7400037093 /* AppDelegate.swift */; };
		014F32EB27D6AA7400037093 /* ArticlesViewController.swift in Sources */ = {isa = PBXBuildFile; fileRef = 014F32EA27D6AA7400037093 /* ArticlesViewController.swift */; };
		014F32EE27D6AA7400037093 /* Main.storyboard in Resources */ = {isa = PBXBuildFile; fileRef = 014F32EC27D6AA7400037093 /* Main.storyboard */; };
		014F32F027D6AA7500037093 /* Assets.xcassets in Resources */ = {isa = PBXBuildFile; fileRef = 014F32EF27D6AA7500037093 /* Assets.xcassets */; };
		014F32F327D6AA7500037093 /* LaunchScreen.storyboard in Resources */ = {isa = PBXBuildFile; fileRef = 014F32F127D6AA7500037093 /* LaunchScreen.storyboard */; };
		014F32FE27D6AA7600037093 /* ArticleTableViewCellTests.swift in Sources */ = {isa = PBXBuildFile; fileRef = 014F32FD27D6AA7600037093 /* ArticleTableViewCellTests.swift */; };
		014F330827D6AA7600037093 /* ArticlesViewControllerUITests.swift in Sources */ = {isa = PBXBuildFile; fileRef = 014F330727D6AA7600037093 /* ArticlesViewControllerUITests.swift */; };
		014F330A27D6AA7600037093 /* LaunchScreenUITests.swift in Sources */ = {isa = PBXBuildFile; fileRef = 014F330927D6AA7600037093 /* LaunchScreenUITests.swift */; };
		014F332027D6B17800037093 /* UIViewController+Alert.swift in Sources */ = {isa = PBXBuildFile; fileRef = 014F331F27D6B17800037093 /* UIViewController+Alert.swift */; };
		014F332327D6B1D300037093 /* UITableView+Extensions.swift in Sources */ = {isa = PBXBuildFile; fileRef = 014F332227D6B1D300037093 /* UITableView+Extensions.swift */; };
		01EAEBF927D8FB3300FE3AE1 /* ArticleDetailsViewControllerTests.swift in Sources */ = {isa = PBXBuildFile; fileRef = 01EAEBF827D8FB3300FE3AE1 /* ArticleDetailsViewControllerTests.swift */; };
		1D3C364D849FB446FA3E593D /* Pods_Articles_Task.framework in Frameworks */ = {isa = PBXBuildFile; fileRef = E587E1659DF9E521600A8340 /* Pods_Articles_Task.framework */; };
		2F5412DB79C2C7BA7A153203 /* Pods_Articles_TaskTests.framework in Frameworks */ = {isa = PBXBuildFile; fileRef = 13FE0B36E6996C46CBF6EBCC /* Pods_Articles_TaskTests.framework */; };
		D4334D577D22EBF065BE30A7 /* Pods_Articles_Task_Articles_TaskUITests.framework in Frameworks */ = {isa = PBXBuildFile; fileRef = D44CC39D9AE7C7163736980E /* Pods_Articles_Task_Articles_TaskUITests.framework */; };
/* End PBXBuildFile section */

/* Begin PBXContainerItemProxy section */
		014F32FA27D6AA7600037093 /* PBXContainerItemProxy */ = {
			isa = PBXContainerItemProxy;
			containerPortal = 014F32DB27D6AA7400037093 /* Project object */;
			proxyType = 1;
			remoteGlobalIDString = 014F32E227D6AA7400037093;
			remoteInfo = Articles_Task;
		};
		014F330427D6AA7600037093 /* PBXContainerItemProxy */ = {
			isa = PBXContainerItemProxy;
			containerPortal = 014F32DB27D6AA7400037093 /* Project object */;
			proxyType = 1;
			remoteGlobalIDString = 014F32E227D6AA7400037093;
			remoteInfo = Articles_Task;
		};
/* End PBXContainerItemProxy section */

/* Begin PBXFileReference section */
		011C819B27D799DE002411B7 /* ArticleTableViewCell.swift */ = {isa = PBXFileReference; lastKnownFileType = sourcecode.swift; path = ArticleTableViewCell.swift; sourceTree = "<group>"; };
		011C819C27D799DE002411B7 /* ArticleTableViewCell.xib */ = {isa = PBXFileReference; lastKnownFileType = file.xib; path = ArticleTableViewCell.xib; sourceTree = "<group>"; };
		011C81A027D79AC1002411B7 /* ArticlesViewController+UI.swift */ = {isa = PBXFileReference; lastKnownFileType = sourcecode.swift; path = "ArticlesViewController+UI.swift"; sourceTree = "<group>"; };
		011C81A227D79AE9002411B7 /* ArticlesViewController+TableView.swift */ = {isa = PBXFileReference; lastKnownFileType = sourcecode.swift; path = "ArticlesViewController+TableView.swift"; sourceTree = "<group>"; };
		011C81A527D79CD1002411B7 /* UIView+Extensions.swift */ = {isa = PBXFileReference; lastKnownFileType = sourcecode.swift; path = "UIView+Extensions.swift"; sourceTree = "<group>"; };
		011C81A827D79D05002411B7 /* UIImageView+Extensions.swift */ = {isa = PBXFileReference; lastKnownFileType = sourcecode.swift; path = "UIImageView+Extensions.swift"; sourceTree = "<group>"; };
		011C81AC27D79E6C002411B7 /* ArticlesService.swift */ = {isa = PBXFileReference; lastKnownFileType = sourcecode.swift; path = ArticlesService.swift; sourceTree = "<group>"; };
		011C81AF27D79ED9002411B7 /* ArticleModel.swift */ = {isa = PBXFileReference; lastKnownFileType = sourcecode.swift; path = ArticleModel.swift; sourceTree = "<group>"; };
		011C81B127D79F00002411B7 /* ArticleResultModel.swift */ = {isa = PBXFileReference; lastKnownFileType = sourcecode.swift; path = ArticleResultModel.swift; sourceTree = "<group>"; };
		011C81B327D79F1F002411B7 /* ArticleResultMediaModel.swift */ = {isa = PBXFileReference; lastKnownFileType = sourcecode.swift; path = ArticleResultMediaModel.swift; sourceTree = "<group>"; };
		011C81B527D79F3A002411B7 /* ArticleResultMediaMetaDataModel.swift */ = {isa = PBXFileReference; lastKnownFileType = sourcecode.swift; path = ArticleResultMediaMetaDataModel.swift; sourceTree = "<group>"; };
		011C81B827D79F87002411B7 /* ArticlesDataServiceProtocol.swift */ = {isa = PBXFileReference; lastKnownFileType = sourcecode.swift; path = ArticlesDataServiceProtocol.swift; sourceTree = "<group>"; };
		011C81BA27D79FA7002411B7 /* ArticlesDataService.swift */ = {isa = PBXFileReference; lastKnownFileType = sourcecode.swift; path = ArticlesDataService.swift; sourceTree = "<group>"; };
		011C81BE27D7A015002411B7 /* ArticlesViewModelProtocol.swift */ = {isa = PBXFileReference; lastKnownFileType = sourcecode.swift; path = ArticlesViewModelProtocol.swift; sourceTree = "<group>"; };
		011C81C027D7A046002411B7 /* ContentState.swift */ = {isa = PBXFileReference; lastKnownFileType = sourcecode.swift; path = ContentState.swift; sourceTree = "<group>"; };
		011C81C227D7A060002411B7 /* ArticlesViewModel.swift */ = {isa = PBXFileReference; lastKnownFileType = sourcecode.swift; path = ArticlesViewModel.swift; sourceTree = "<group>"; };
		011C81C527D7A0BF002411B7 /* ArticleListCellUIModel.swift */ = {isa = PBXFileReference; lastKnownFileType = sourcecode.swift; path = ArticleListCellUIModel.swift; sourceTree = "<group>"; };
		011C81C727D7A185002411B7 /* URLsConstants.swift */ = {isa = PBXFileReference; lastKnownFileType = sourcecode.swift; path = URLsConstants.swift; sourceTree = "<group>"; };
		011C81C927D7A1D2002411B7 /* ArticlesViewController+Data.swift */ = {isa = PBXFileReference; lastKnownFileType = sourcecode.swift; path = "ArticlesViewController+Data.swift"; sourceTree = "<group>"; };
		011C81D327D7C427002411B7 /* ArticleDetailsViewController.swift */ = {isa = PBXFileReference; lastKnownFileType = sourcecode.swift; path = ArticleDetailsViewController.swift; sourceTree = "<group>"; };
		011C81D627D7C5E1002411B7 /* ArticlesViewController+Navigation.swift */ = {isa = PBXFileReference; lastKnownFileType = sourcecode.swift; path = "ArticlesViewController+Navigation.swift"; sourceTree = "<group>"; };
		011C81DA27D7CFF3002411B7 /* ArticlesViewControllerTests.swift */ = {isa = PBXFileReference; lastKnownFileType = sourcecode.swift; path = ArticlesViewControllerTests.swift; sourceTree = "<group>"; };
		011C81DD27D7D01E002411B7 /* ArticlesViewModelTests.swift */ = {isa = PBXFileReference; lastKnownFileType = sourcecode.swift; path = ArticlesViewModelTests.swift; sourceTree = "<group>"; };
		011C81E027D7D04D002411B7 /* MockArticlesDataService.swift */ = {isa = PBXFileReference; lastKnownFileType = sourcecode.swift; path = MockArticlesDataService.swift; sourceTree = "<group>"; };
		011C81E427D7E91E002411B7 /* articles_stub.json */ = {isa = PBXFileReference; lastKnownFileType = text.json; path = articles_stub.json; sourceTree = "<group>"; };
		014F32E327D6AA7400037093 /* Articles_Task.app */ = {isa = PBXFileReference; explicitFileType = wrapper.application; includeInIndex = 0; path = Articles_Task.app; sourceTree = BUILT_PRODUCTS_DIR; };
		014F32E627D6AA7400037093 /* AppDelegate.swift */ = {isa = PBXFileReference; lastKnownFileType = sourcecode.swift; path = AppDelegate.swift; sourceTree = "<group>"; };
		014F32EA27D6AA7400037093 /* ArticlesViewController.swift */ = {isa = PBXFileReference; lastKnownFileType = sourcecode.swift; path = ArticlesViewController.swift; sourceTree = "<group>"; };
		014F32ED27D6AA7400037093 /* Base */ = {isa = PBXFileReference; lastKnownFileType = file.storyboard; name = Base; path = Base.lproj/Main.storyboard; sourceTree = "<group>"; };
		014F32EF27D6AA7500037093 /* Assets.xcassets */ = {isa = PBXFileReference; lastKnownFileType = folder.assetcatalog; path = Assets.xcassets; sourceTree = "<group>"; };
		014F32F227D6AA7500037093 /* Base */ = {isa = PBXFileReference; lastKnownFileType = file.storyboard; name = Base; path = Base.lproj/LaunchScreen.storyboard; sourceTree = "<group>"; };
		014F32F427D6AA7500037093 /* Info.plist */ = {isa = PBXFileReference; lastKnownFileType = text.plist.xml; path = Info.plist; sourceTree = "<group>"; };
		014F32F927D6AA7600037093 /* Articles_TaskTests.xctest */ = {isa = PBXFileReference; explicitFileType = wrapper.cfbundle; includeInIndex = 0; path = Articles_TaskTests.xctest; sourceTree = BUILT_PRODUCTS_DIR; };
		014F32FD27D6AA7600037093 /* ArticleTableViewCellTests.swift */ = {isa = PBXFileReference; lastKnownFileType = sourcecode.swift; path = ArticleTableViewCellTests.swift; sourceTree = "<group>"; };
		014F330327D6AA7600037093 /* Articles_TaskUITests.xctest */ = {isa = PBXFileReference; explicitFileType = wrapper.cfbundle; includeInIndex = 0; path = Articles_TaskUITests.xctest; sourceTree = BUILT_PRODUCTS_DIR; };
		014F330727D6AA7600037093 /* ArticlesViewControllerUITests.swift */ = {isa = PBXFileReference; lastKnownFileType = sourcecode.swift; path = ArticlesViewControllerUITests.swift; sourceTree = "<group>"; };
		014F330927D6AA7600037093 /* LaunchScreenUITests.swift */ = {isa = PBXFileReference; lastKnownFileType = sourcecode.swift; path = LaunchScreenUITests.swift; sourceTree = "<group>"; };
		014F331F27D6B17800037093 /* UIViewController+Alert.swift */ = {isa = PBXFileReference; lastKnownFileType = sourcecode.swift; path = "UIViewController+Alert.swift"; sourceTree = "<group>"; };
		014F332227D6B1D300037093 /* UITableView+Extensions.swift */ = {isa = PBXFileReference; lastKnownFileType = sourcecode.swift; path = "UITableView+Extensions.swift"; sourceTree = "<group>"; };
		01EAEBF827D8FB3300FE3AE1 /* ArticleDetailsViewControllerTests.swift */ = {isa = PBXFileReference; lastKnownFileType = sourcecode.swift; path = ArticleDetailsViewControllerTests.swift; sourceTree = "<group>"; };
		13FE0B36E6996C46CBF6EBCC /* Pods_Articles_TaskTests.framework */ = {isa = PBXFileReference; explicitFileType = wrapper.framework; includeInIndex = 0; path = Pods_Articles_TaskTests.framework; sourceTree = BUILT_PRODUCTS_DIR; };
		61233714571DED79502C6E51 /* Pods-Articles_TaskTests.release.xcconfig */ = {isa = PBXFileReference; includeInIndex = 1; lastKnownFileType = text.xcconfig; name = "Pods-Articles_TaskTests.release.xcconfig"; path = "Target Support Files/Pods-Articles_TaskTests/Pods-Articles_TaskTests.release.xcconfig"; sourceTree = "<group>"; };
		928582C049340DB9DA0F9692 /* Pods-Articles_Task-Articles_TaskUITests.release.xcconfig */ = {isa = PBXFileReference; includeInIndex = 1; lastKnownFileType = text.xcconfig; name = "Pods-Articles_Task-Articles_TaskUITests.release.xcconfig"; path = "Target Support Files/Pods-Articles_Task-Articles_TaskUITests/Pods-Articles_Task-Articles_TaskUITests.release.xcconfig"; sourceTree = "<group>"; };
		95449876183A4E5D54FB6A77 /* Pods-Articles_Task.release.xcconfig */ = {isa = PBXFileReference; includeInIndex = 1; lastKnownFileType = text.xcconfig; name = "Pods-Articles_Task.release.xcconfig"; path = "Target Support Files/Pods-Articles_Task/Pods-Articles_Task.release.xcconfig"; sourceTree = "<group>"; };
		C7F207D66DF45FD833D57B6F /* Pods-Articles_TaskTests.debug.xcconfig */ = {isa = PBXFileReference; includeInIndex = 1; lastKnownFileType = text.xcconfig; name = "Pods-Articles_TaskTests.debug.xcconfig"; path = "Target Support Files/Pods-Articles_TaskTests/Pods-Articles_TaskTests.debug.xcconfig"; sourceTree = "<group>"; };
		D44CC39D9AE7C7163736980E /* Pods_Articles_Task_Articles_TaskUITests.framework */ = {isa = PBXFileReference; explicitFileType = wrapper.framework; includeInIndex = 0; path = Pods_Articles_Task_Articles_TaskUITests.framework; sourceTree = BUILT_PRODUCTS_DIR; };
		DC58A17A5B7AE9C817B897BA /* Pods-Articles_Task-Articles_TaskUITests.debug.xcconfig */ = {isa = PBXFileReference; includeInIndex = 1; lastKnownFileType = text.xcconfig; name = "Pods-Articles_Task-Articles_TaskUITests.debug.xcconfig"; path = "Target Support Files/Pods-Articles_Task-Articles_TaskUITests/Pods-Articles_Task-Articles_TaskUITests.debug.xcconfig"; sourceTree = "<group>"; };
		E587E1659DF9E521600A8340 /* Pods_Articles_Task.framework */ = {isa = PBXFileReference; explicitFileType = wrapper.framework; includeInIndex = 0; path = Pods_Articles_Task.framework; sourceTree = BUILT_PRODUCTS_DIR; };
		EC11C86ECBA9635FC83FEA7C /* Pods-Articles_Task.debug.xcconfig */ = {isa = PBXFileReference; includeInIndex = 1; lastKnownFileType = text.xcconfig; name = "Pods-Articles_Task.debug.xcconfig"; path = "Target Support Files/Pods-Articles_Task/Pods-Articles_Task.debug.xcconfig"; sourceTree = "<group>"; };
/* End PBXFileReference section */

/* Begin PBXFrameworksBuildPhase section */
		014F32E027D6AA7400037093 /* Frameworks */ = {
			isa = PBXFrameworksBuildPhase;
			buildActionMask = 2147483647;
			files = (
				1D3C364D849FB446FA3E593D /* Pods_Articles_Task.framework in Frameworks */,
			);
			runOnlyForDeploymentPostprocessing = 0;
		};
		014F32F627D6AA7600037093 /* Frameworks */ = {
			isa = PBXFrameworksBuildPhase;
			buildActionMask = 2147483647;
			files = (
				2F5412DB79C2C7BA7A153203 /* Pods_Articles_TaskTests.framework in Frameworks */,
			);
			runOnlyForDeploymentPostprocessing = 0;
		};
		014F330027D6AA7600037093 /* Frameworks */ = {
			isa = PBXFrameworksBuildPhase;
			buildActionMask = 2147483647;
			files = (
				D4334D577D22EBF065BE30A7 /* Pods_Articles_Task_Articles_TaskUITests.framework in Frameworks */,
			);
			runOnlyForDeploymentPostprocessing = 0;
		};
/* End PBXFrameworksBuildPhase section */

/* Begin PBXGroup section */
		011C819927D799C2002411B7 /* Views */ = {
			isa = PBXGroup;
			children = (
				011C819A27D799D1002411B7 /* ArticleTableViewCell */,
				011C819F27D79A76002411B7 /* ArticlesViewController */,
			);
			path = Views;
			sourceTree = "<group>";
		};
		011C819A27D799D1002411B7 /* ArticleTableViewCell */ = {
			isa = PBXGroup;
			children = (
				011C819B27D799DE002411B7 /* ArticleTableViewCell.swift */,
				011C819C27D799DE002411B7 /* ArticleTableViewCell.xib */,
			);
			path = ArticleTableViewCell;
			sourceTree = "<group>";
		};
		011C819F27D79A76002411B7 /* ArticlesViewController */ = {
			isa = PBXGroup;
			children = (
				014F32EA27D6AA7400037093 /* ArticlesViewController.swift */,
				011C81A027D79AC1002411B7 /* ArticlesViewController+UI.swift */,
				011C81A227D79AE9002411B7 /* ArticlesViewController+TableView.swift */,
				011C81C927D7A1D2002411B7 /* ArticlesViewController+Data.swift */,
				011C81D627D7C5E1002411B7 /* ArticlesViewController+Navigation.swift */,
			);
			path = ArticlesViewController;
			sourceTree = "<group>";
		};
		011C81A427D79CBD002411B7 /* UIView */ = {
			isa = PBXGroup;
			children = (
				011C81A527D79CD1002411B7 /* UIView+Extensions.swift */,
			);
			path = UIView;
			sourceTree = "<group>";
		};
		011C81A727D79CFB002411B7 /* UIImageView+Extensions */ = {
			isa = PBXGroup;
			children = (
				011C81A827D79D05002411B7 /* UIImageView+Extensions.swift */,
			);
			path = "UIImageView+Extensions";
			sourceTree = "<group>";
		};
		011C81AB27D79E2A002411B7 /* Services */ = {
			isa = PBXGroup;
			children = (
				011C81B727D79F73002411B7 /* Protocol */,
				011C81AC27D79E6C002411B7 /* ArticlesService.swift */,
				011C81BA27D79FA7002411B7 /* ArticlesDataService.swift */,
			);
			path = Services;
			sourceTree = "<group>";
		};
		011C81AE27D79EC3002411B7 /* Models */ = {
			isa = PBXGroup;
			children = (
				011C81AF27D79ED9002411B7 /* ArticleModel.swift */,
				011C81B127D79F00002411B7 /* ArticleResultModel.swift */,
				011C81B327D79F1F002411B7 /* ArticleResultMediaModel.swift */,
				011C81B527D79F3A002411B7 /* ArticleResultMediaMetaDataModel.swift */,
			);
			path = Models;
			sourceTree = "<group>";
		};
		011C81B727D79F73002411B7 /* Protocol */ = {
			isa = PBXGroup;
			children = (
				011C81B827D79F87002411B7 /* ArticlesDataServiceProtocol.swift */,
			);
			path = Protocol;
			sourceTree = "<group>";
		};
		011C81BC27D79FE4002411B7 /* ViewModel */ = {
			isa = PBXGroup;
			children = (
				011C81C027D7A046002411B7 /* ContentState.swift */,
				011C81C227D7A060002411B7 /* ArticlesViewModel.swift */,
			);
			path = ViewModel;
			sourceTree = "<group>";
		};
		011C81BD27D79FFC002411B7 /* Protocols */ = {
			isa = PBXGroup;
			children = (
				011C81BE27D7A015002411B7 /* ArticlesViewModelProtocol.swift */,
			);
			path = Protocols;
			sourceTree = "<group>";
		};
		011C81C427D7A08E002411B7 /* UIModels */ = {
			isa = PBXGroup;
			children = (
				011C81C527D7A0BF002411B7 /* ArticleListCellUIModel.swift */,
			);
			path = UIModels;
			sourceTree = "<group>";
		};
		011C81D227D7C411002411B7 /* ArticleDetails */ = {
			isa = PBXGroup;
			children = (
				011C81D527D7C43E002411B7 /* ArticleDetailsViewController */,
			);
			path = ArticleDetails;
			sourceTree = "<group>";
		};
		011C81D527D7C43E002411B7 /* ArticleDetailsViewController */ = {
			isa = PBXGroup;
			children = (
				011C81D327D7C427002411B7 /* ArticleDetailsViewController.swift */,
			);
			path = ArticleDetailsViewController;
			sourceTree = "<group>";
		};
		011C81D827D7CFB1002411B7 /* ArticlesTests */ = {
			isa = PBXGroup;
			children = (
				011C81E227D7D080002411B7 /* ArticleTableViewCellTests */,
				011C81D927D7CFC9002411B7 /* ArticlesViewControllerTests */,
				011C81DC27D7D014002411B7 /* ArticlesViewModelTests */,
				011C81DF27D7D043002411B7 /* MockArticlesDataService */,
			);
			path = ArticlesTests;
			sourceTree = "<group>";
		};
		011C81D927D7CFC9002411B7 /* ArticlesViewControllerTests */ = {
			isa = PBXGroup;
			children = (
				011C81DA27D7CFF3002411B7 /* ArticlesViewControllerTests.swift */,
			);
			path = ArticlesViewControllerTests;
			sourceTree = "<group>";
		};
		011C81DC27D7D014002411B7 /* ArticlesViewModelTests */ = {
			isa = PBXGroup;
			children = (
				011C81DD27D7D01E002411B7 /* ArticlesViewModelTests.swift */,
			);
			path = ArticlesViewModelTests;
			sourceTree = "<group>";
		};
		011C81DF27D7D043002411B7 /* MockArticlesDataService */ = {
			isa = PBXGroup;
			children = (
				011C81E027D7D04D002411B7 /* MockArticlesDataService.swift */,
			);
			path = MockArticlesDataService;
			sourceTree = "<group>";
		};
		011C81E227D7D080002411B7 /* ArticleTableViewCellTests */ = {
			isa = PBXGroup;
			children = (
				014F32FD27D6AA7600037093 /* ArticleTableViewCellTests.swift */,
			);
			path = ArticleTableViewCellTests;
			sourceTree = "<group>";
		};
		011C81E327D7E904002411B7 /* Stubs */ = {
			isa = PBXGroup;
			children = (
				011C81E427D7E91E002411B7 /* articles_stub.json */,
			);
			path = Stubs;
			sourceTree = "<group>";
		};
		014F32DA27D6AA7400037093 = {
			isa = PBXGroup;
			children = (
				014F32E527D6AA7400037093 /* Articles_Task */,
				014F32FC27D6AA7600037093 /* Articles_TaskTests */,
				014F330627D6AA7600037093 /* Articles_TaskUITests */,
				014F32E427D6AA7400037093 /* Products */,
				84CBBE468A93A77E89AFBF68 /* Pods */,
				8E89AFD45C25C1E29DC52445 /* Frameworks */,
			);
			sourceTree = "<group>";
		};
		014F32E427D6AA7400037093 /* Products */ = {
			isa = PBXGroup;
			children = (
				014F32E327D6AA7400037093 /* Articles_Task.app */,
				014F32F927D6AA7600037093 /* Articles_TaskTests.xctest */,
				014F330327D6AA7600037093 /* Articles_TaskUITests.xctest */,
			);
			name = Products;
			sourceTree = "<group>";
		};
		014F32E527D6AA7400037093 /* Articles_Task */ = {
			isa = PBXGroup;
			children = (
				014F331627D6ABB000037093 /* AppDelegate */,
				014F331727D6ABC200037093 /* Configurations */,
				014F331827D6ABD600037093 /* Modules */,
				014F331927D6ABF900037093 /* Storyboards */,
				014F331A27D6AC1100037093 /* Extensions */,
				011C81AB27D79E2A002411B7 /* Services */,
				014F331C27D6AC3500037093 /* Resources */,
			);
			path = Articles_Task;
			sourceTree = "<group>";
		};
		014F32FC27D6AA7600037093 /* Articles_TaskTests */ = {
			isa = PBXGroup;
			children = (
				01EAEBF727D8FB2000FE3AE1 /* ArticleDetailsTests */,
				011C81E327D7E904002411B7 /* Stubs */,
				011C81D827D7CFB1002411B7 /* ArticlesTests */,
			);
			path = Articles_TaskTests;
			sourceTree = "<group>";
		};
		014F330627D6AA7600037093 /* Articles_TaskUITests */ = {
			isa = PBXGroup;
			children = (
				014F330727D6AA7600037093 /* ArticlesViewControllerUITests.swift */,
				014F330927D6AA7600037093 /* LaunchScreenUITests.swift */,
			);
			path = Articles_TaskUITests;
			sourceTree = "<group>";
		};
		014F331627D6ABB000037093 /* AppDelegate */ = {
			isa = PBXGroup;
			children = (
				014F32E627D6AA7400037093 /* AppDelegate.swift */,
			);
			path = AppDelegate;
			sourceTree = "<group>";
		};
		014F331727D6ABC200037093 /* Configurations */ = {
			isa = PBXGroup;
			children = (
				014F32F427D6AA7500037093 /* Info.plist */,
			);
			path = Configurations;
			sourceTree = "<group>";
		};
		014F331827D6ABD600037093 /* Modules */ = {
			isa = PBXGroup;
			children = (
				014F331D27D6AC7D00037093 /* Articles */,
				011C81D227D7C411002411B7 /* ArticleDetails */,
			);
			path = Modules;
			sourceTree = "<group>";
		};
		014F331927D6ABF900037093 /* Storyboards */ = {
			isa = PBXGroup;
			children = (
				014F32EC27D6AA7400037093 /* Main.storyboard */,
			);
			path = Storyboards;
			sourceTree = "<group>";
		};
		014F331A27D6AC1100037093 /* Extensions */ = {
			isa = PBXGroup;
			children = (
				011C81A427D79CBD002411B7 /* UIView */,
				011C81A727D79CFB002411B7 /* UIImageView+Extensions */,
				014F332127D6B1C400037093 /* UITableView */,
				014F331E27D6B16000037093 /* UIViewController */,
			);
			path = Extensions;
			sourceTree = "<group>";
		};
		014F331C27D6AC3500037093 /* Resources */ = {
			isa = PBXGroup;
			children = (
				014F32F127D6AA7500037093 /* LaunchScreen.storyboard */,
				014F32EF27D6AA7500037093 /* Assets.xcassets */,
				011C81C727D7A185002411B7 /* URLsConstants.swift */,
			);
			path = Resources;
			sourceTree = "<group>";
		};
		014F331D27D6AC7D00037093 /* Articles */ = {
			isa = PBXGroup;
			children = (
				011C81BD27D79FFC002411B7 /* Protocols */,
				011C81C427D7A08E002411B7 /* UIModels */,
				011C81AE27D79EC3002411B7 /* Models */,
				011C81BC27D79FE4002411B7 /* ViewModel */,
				011C819927D799C2002411B7 /* Views */,
			);
			path = Articles;
			sourceTree = "<group>";
		};
		014F331E27D6B16000037093 /* UIViewController */ = {
			isa = PBXGroup;
			children = (
				014F331F27D6B17800037093 /* UIViewController+Alert.swift */,
			);
			path = UIViewController;
			sourceTree = "<group>";
		};
		014F332127D6B1C400037093 /* UITableView */ = {
			isa = PBXGroup;
			children = (
				014F332227D6B1D300037093 /* UITableView+Extensions.swift */,
			);
			path = UITableView;
			sourceTree = "<group>";
		};
		01EAEBF727D8FB2000FE3AE1 /* ArticleDetailsTests */ = {
			isa = PBXGroup;
			children = (
				01EAEBF827D8FB3300FE3AE1 /* ArticleDetailsViewControllerTests.swift */,
			);
			path = ArticleDetailsTests;
			sourceTree = "<group>";
		};
		84CBBE468A93A77E89AFBF68 /* Pods */ = {
			isa = PBXGroup;
			children = (
				EC11C86ECBA9635FC83FEA7C /* Pods-Articles_Task.debug.xcconfig */,
				95449876183A4E5D54FB6A77 /* Pods-Articles_Task.release.xcconfig */,
				DC58A17A5B7AE9C817B897BA /* Pods-Articles_Task-Articles_TaskUITests.debug.xcconfig */,
				928582C049340DB9DA0F9692 /* Pods-Articles_Task-Articles_TaskUITests.release.xcconfig */,
				C7F207D66DF45FD833D57B6F /* Pods-Articles_TaskTests.debug.xcconfig */,
				61233714571DED79502C6E51 /* Pods-Articles_TaskTests.release.xcconfig */,
			);
			path = Pods;
			sourceTree = "<group>";
		};
		8E89AFD45C25C1E29DC52445 /* Frameworks */ = {
			isa = PBXGroup;
			children = (
				E587E1659DF9E521600A8340 /* Pods_Articles_Task.framework */,
				D44CC39D9AE7C7163736980E /* Pods_Articles_Task_Articles_TaskUITests.framework */,
				13FE0B36E6996C46CBF6EBCC /* Pods_Articles_TaskTests.framework */,
			);
			name = Frameworks;
			sourceTree = "<group>";
		};
/* End PBXGroup section */

/* Begin PBXNativeTarget section */
		014F32E227D6AA7400037093 /* Articles_Task */ = {
			isa = PBXNativeTarget;
			buildConfigurationList = 014F330D27D6AA7600037093 /* Build configuration list for PBXNativeTarget "Articles_Task" */;
			buildPhases = (
				408B8701D0146B1870C8F79E /* [CP] Check Pods Manifest.lock */,
				014F32DF27D6AA7400037093 /* Sources */,
				014F32E027D6AA7400037093 /* Frameworks */,
				014F32E127D6AA7400037093 /* Resources */,
				7A1BC58B4506C939CB8315ED /* [CP] Embed Pods Frameworks */,
			);
			buildRules = (
			);
			dependencies = (
			);
			name = Articles_Task;
			productName = Articles_Task;
			productReference = 014F32E327D6AA7400037093 /* Articles_Task.app */;
			productType = "com.apple.product-type.application";
		};
		014F32F827D6AA7600037093 /* Articles_TaskTests */ = {
			isa = PBXNativeTarget;
			buildConfigurationList = 014F331027D6AA7600037093 /* Build configuration list for PBXNativeTarget "Articles_TaskTests" */;
			buildPhases = (
				3A4DC0DF911056C53B24B950 /* [CP] Check Pods Manifest.lock */,
				014F32F527D6AA7600037093 /* Sources */,
				014F32F627D6AA7600037093 /* Frameworks */,
				014F32F727D6AA7600037093 /* Resources */,
			);
			buildRules = (
			);
			dependencies = (
				014F32FB27D6AA7600037093 /* PBXTargetDependency */,
			);
			name = Articles_TaskTests;
			productName = Articles_TaskTests;
			productReference = 014F32F927D6AA7600037093 /* Articles_TaskTests.xctest */;
			productType = "com.apple.product-type.bundle.unit-test";
		};
		014F330227D6AA7600037093 /* Articles_TaskUITests */ = {
			isa = PBXNativeTarget;
			buildConfigurationList = 014F331327D6AA7600037093 /* Build configuration list for PBXNativeTarget "Articles_TaskUITests" */;
			buildPhases = (
				869E0220B8362239B8E3E517 /* [CP] Check Pods Manifest.lock */,
				014F32FF27D6AA7600037093 /* Sources */,
				014F330027D6AA7600037093 /* Frameworks */,
				014F330127D6AA7600037093 /* Resources */,
				64F2CA13E1280505248DC251 /* [CP] Embed Pods Frameworks */,
			);
			buildRules = (
			);
			dependencies = (
				014F330527D6AA7600037093 /* PBXTargetDependency */,
			);
			name = Articles_TaskUITests;
			productName = Articles_TaskUITests;
			productReference = 014F330327D6AA7600037093 /* Articles_TaskUITests.xctest */;
			productType = "com.apple.product-type.bundle.ui-testing";
		};
/* End PBXNativeTarget section */

/* Begin PBXProject section */
		014F32DB27D6AA7400037093 /* Project object */ = {
			isa = PBXProject;
			attributes = {
				BuildIndependentTargetsInParallel = 1;
				LastSwiftUpdateCheck = 1320;
				LastUpgradeCheck = 1320;
				TargetAttributes = {
					014F32E227D6AA7400037093 = {
						CreatedOnToolsVersion = 13.2.1;
					};
					014F32F827D6AA7600037093 = {
						CreatedOnToolsVersion = 13.2.1;
						TestTargetID = 014F32E227D6AA7400037093;
					};
					014F330227D6AA7600037093 = {
						CreatedOnToolsVersion = 13.2.1;
						TestTargetID = 014F32E227D6AA7400037093;
					};
				};
			};
			buildConfigurationList = 014F32DE27D6AA7400037093 /* Build configuration list for PBXProject "Articles_Task" */;
			compatibilityVersion = "Xcode 13.0";
			developmentRegion = en;
			hasScannedForEncodings = 0;
			knownRegions = (
				en,
				Base,
			);
			mainGroup = 014F32DA27D6AA7400037093;
			productRefGroup = 014F32E427D6AA7400037093 /* Products */;
			projectDirPath = "";
			projectRoot = "";
			targets = (
				014F32E227D6AA7400037093 /* Articles_Task */,
				014F32F827D6AA7600037093 /* Articles_TaskTests */,
				014F330227D6AA7600037093 /* Articles_TaskUITests */,
			);
		};
/* End PBXProject section */

/* Begin PBXResourcesBuildPhase section */
		014F32E127D6AA7400037093 /* Resources */ = {
			isa = PBXResourcesBuildPhase;
			buildActionMask = 2147483647;
			files = (
				011C819E27D799DE002411B7 /* ArticleTableViewCell.xib in Resources */,
				014F32F327D6AA7500037093 /* LaunchScreen.storyboard in Resources */,
				014F32F027D6AA7500037093 /* Assets.xcassets in Resources */,
				014F32EE27D6AA7400037093 /* Main.storyboard in Resources */,
			);
			runOnlyForDeploymentPostprocessing = 0;
		};
		014F32F727D6AA7600037093 /* Resources */ = {
			isa = PBXResourcesBuildPhase;
			buildActionMask = 2147483647;
			files = (
				011C81E527D7E91E002411B7 /* articles_stub.json in Resources */,
			);
			runOnlyForDeploymentPostprocessing = 0;
		};
		014F330127D6AA7600037093 /* Resources */ = {
			isa = PBXResourcesBuildPhase;
			buildActionMask = 2147483647;
			files = (
			);
			runOnlyForDeploymentPostprocessing = 0;
		};
/* End PBXResourcesBuildPhase section */

/* Begin PBXShellScriptBuildPhase section */
		3A4DC0DF911056C53B24B950 /* [CP] Check Pods Manifest.lock */ = {
			isa = PBXShellScriptBuildPhase;
			buildActionMask = 2147483647;
			files = (
			);
			inputFileListPaths = (
			);
			inputPaths = (
				"${PODS_PODFILE_DIR_PATH}/Podfile.lock",
				"${PODS_ROOT}/Manifest.lock",
			);
			name = "[CP] Check Pods Manifest.lock";
			outputFileListPaths = (
			);
			outputPaths = (
				"$(DERIVED_FILE_DIR)/Pods-Articles_TaskTests-checkManifestLockResult.txt",
			);
			runOnlyForDeploymentPostprocessing = 0;
			shellPath = /bin/sh;
			shellScript = "diff \"${PODS_PODFILE_DIR_PATH}/Podfile.lock\" \"${PODS_ROOT}/Manifest.lock\" > /dev/null\nif [ $? != 0 ] ; then\n    # print error to STDERR\n    echo \"error: The sandbox is not in sync with the Podfile.lock. Run 'pod install' or update your CocoaPods installation.\" >&2\n    exit 1\nfi\n# This output is used by Xcode 'outputs' to avoid re-running this script phase.\necho \"SUCCESS\" > \"${SCRIPT_OUTPUT_FILE_0}\"\n";
			showEnvVarsInLog = 0;
		};
		408B8701D0146B1870C8F79E /* [CP] Check Pods Manifest.lock */ = {
			isa = PBXShellScriptBuildPhase;
			buildActionMask = 2147483647;
			files = (
			);
			inputFileListPaths = (
			);
			inputPaths = (
				"${PODS_PODFILE_DIR_PATH}/Podfile.lock",
				"${PODS_ROOT}/Manifest.lock",
			);
			name = "[CP] Check Pods Manifest.lock";
			outputFileListPaths = (
			);
			outputPaths = (
				"$(DERIVED_FILE_DIR)/Pods-Articles_Task-checkManifestLockResult.txt",
			);
			runOnlyForDeploymentPostprocessing = 0;
			shellPath = /bin/sh;
			shellScript = "diff \"${PODS_PODFILE_DIR_PATH}/Podfile.lock\" \"${PODS_ROOT}/Manifest.lock\" > /dev/null\nif [ $? != 0 ] ; then\n    # print error to STDERR\n    echo \"error: The sandbox is not in sync with the Podfile.lock. Run 'pod install' or update your CocoaPods installation.\" >&2\n    exit 1\nfi\n# This output is used by Xcode 'outputs' to avoid re-running this script phase.\necho \"SUCCESS\" > \"${SCRIPT_OUTPUT_FILE_0}\"\n";
			showEnvVarsInLog = 0;
		};
		64F2CA13E1280505248DC251 /* [CP] Embed Pods Frameworks */ = {
			isa = PBXShellScriptBuildPhase;
			buildActionMask = 2147483647;
			files = (
			);
			inputFileListPaths = (
				"${PODS_ROOT}/Target Support Files/Pods-Articles_Task-Articles_TaskUITests/Pods-Articles_Task-Articles_TaskUITests-frameworks-${CONFIGURATION}-input-files.xcfilelist",
			);
			name = "[CP] Embed Pods Frameworks";
			outputFileListPaths = (
				"${PODS_ROOT}/Target Support Files/Pods-Articles_Task-Articles_TaskUITests/Pods-Articles_Task-Articles_TaskUITests-frameworks-${CONFIGURATION}-output-files.xcfilelist",
			);
			runOnlyForDeploymentPostprocessing = 0;
			shellPath = /bin/sh;
			shellScript = "\"${PODS_ROOT}/Target Support Files/Pods-Articles_Task-Articles_TaskUITests/Pods-Articles_Task-Articles_TaskUITests-frameworks.sh\"\n";
			showEnvVarsInLog = 0;
		};
		7A1BC58B4506C939CB8315ED /* [CP] Embed Pods Frameworks */ = {
			isa = PBXShellScriptBuildPhase;
			buildActionMask = 2147483647;
			files = (
			);
			inputFileListPaths = (
				"${PODS_ROOT}/Target Support Files/Pods-Articles_Task/Pods-Articles_Task-frameworks-${CONFIGURATION}-input-files.xcfilelist",
			);
			name = "[CP] Embed Pods Frameworks";
			outputFileListPaths = (
				"${PODS_ROOT}/Target Support Files/Pods-Articles_Task/Pods-Articles_Task-frameworks-${CONFIGURATION}-output-files.xcfilelist",
			);
			runOnlyForDeploymentPostprocessing = 0;
			shellPath = /bin/sh;
			shellScript = "\"${PODS_ROOT}/Target Support Files/Pods-Articles_Task/Pods-Articles_Task-frameworks.sh\"\n";
			showEnvVarsInLog = 0;
		};
		869E0220B8362239B8E3E517 /* [CP] Check Pods Manifest.lock */ = {
			isa = PBXShellScriptBuildPhase;
			buildActionMask = 2147483647;
			files = (
			);
			inputFileListPaths = (
			);
			inputPaths = (
				"${PODS_PODFILE_DIR_PATH}/Podfile.lock",
				"${PODS_ROOT}/Manifest.lock",
			);
			name = "[CP] Check Pods Manifest.lock";
			outputFileListPaths = (
			);
			outputPaths = (
				"$(DERIVED_FILE_DIR)/Pods-Articles_Task-Articles_TaskUITests-checkManifestLockResult.txt",
			);
			runOnlyForDeploymentPostprocessing = 0;
			shellPath = /bin/sh;
			shellScript = "diff \"${PODS_PODFILE_DIR_PATH}/Podfile.lock\" \"${PODS_ROOT}/Manifest.lock\" > /dev/null\nif [ $? != 0 ] ; then\n    # print error to STDERR\n    echo \"error: The sandbox is not in sync with the Podfile.lock. Run 'pod install' or update your CocoaPods installation.\" >&2\n    exit 1\nfi\n# This output is used by Xcode 'outputs' to avoid re-running this script phase.\necho \"SUCCESS\" > \"${SCRIPT_OUTPUT_FILE_0}\"\n";
			showEnvVarsInLog = 0;
		};
/* End PBXShellScriptBuildPhase section */

/* Begin PBXSourcesBuildPhase section */
		014F32DF27D6AA7400037093 /* Sources */ = {
			isa = PBXSourcesBuildPhase;
			buildActionMask = 2147483647;
			files = (
				011C81B027D79ED9002411B7 /* ArticleModel.swift in Sources */,
				011C81C327D7A060002411B7 /* ArticlesViewModel.swift in Sources */,
				011C81B927D79F87002411B7 /* ArticlesDataServiceProtocol.swift in Sources */,
				011C81D427D7C428002411B7 /* ArticleDetailsViewController.swift in Sources */,
				011C819D27D799DE002411B7 /* ArticleTableViewCell.swift in Sources */,
				011C81A327D79AE9002411B7 /* ArticlesViewController+TableView.swift in Sources */,
				014F332027D6B17800037093 /* UIViewController+Alert.swift in Sources */,
				011C81C627D7A0BF002411B7 /* ArticleListCellUIModel.swift in Sources */,
				011C81A927D79D05002411B7 /* UIImageView+Extensions.swift in Sources */,
				011C81BB27D79FA7002411B7 /* ArticlesDataService.swift in Sources */,
				011C81B427D79F1F002411B7 /* ArticleResultMediaModel.swift in Sources */,
				011C81D727D7C5E1002411B7 /* ArticlesViewController+Navigation.swift in Sources */,
				014F32EB27D6AA7400037093 /* ArticlesViewController.swift in Sources */,
				011C81A127D79AC1002411B7 /* ArticlesViewController+UI.swift in Sources */,
				011C81BF27D7A015002411B7 /* ArticlesViewModelProtocol.swift in Sources */,
				011C81C127D7A046002411B7 /* ContentState.swift in Sources */,
				011C81AD27D79E6C002411B7 /* ArticlesService.swift in Sources */,
				011C81CA27D7A1D3002411B7 /* ArticlesViewController+Data.swift in Sources */,
				014F32E727D6AA7400037093 /* AppDelegate.swift in Sources */,
				011C81A627D79CD1002411B7 /* UIView+Extensions.swift in Sources */,
				011C81B627D79F3A002411B7 /* ArticleResultMediaMetaDataModel.swift in Sources */,
				014F332327D6B1D300037093 /* UITableView+Extensions.swift in Sources */,
				011C81C827D7A185002411B7 /* URLsConstants.swift in Sources */,
				011C81B227D79F00002411B7 /* ArticleResultModel.swift in Sources */,
			);
			runOnlyForDeploymentPostprocessing = 0;
		};
		014F32F527D6AA7600037093 /* Sources */ = {
			isa = PBXSourcesBuildPhase;
			buildActionMask = 2147483647;
			files = (
				011C81E127D7D04D002411B7 /* MockArticlesDataService.swift in Sources */,
				01EAEBF927D8FB3300FE3AE1 /* ArticleDetailsViewControllerTests.swift in Sources */,
				014F32FE27D6AA7600037093 /* ArticleTableViewCellTests.swift in Sources */,
				011C81DE27D7D01E002411B7 /* ArticlesViewModelTests.swift in Sources */,
				011C81DB27D7CFF3002411B7 /* ArticlesViewControllerTests.swift in Sources */,
			);
			runOnlyForDeploymentPostprocessing = 0;
		};
		014F32FF27D6AA7600037093 /* Sources */ = {
			isa = PBXSourcesBuildPhase;
			buildActionMask = 2147483647;
			files = (
				014F330A27D6AA7600037093 /* LaunchScreenUITests.swift in Sources */,
				014F330827D6AA7600037093 /* ArticlesViewControllerUITests.swift in Sources */,
			);
			runOnlyForDeploymentPostprocessing = 0;
		};
/* End PBXSourcesBuildPhase section */

/* Begin PBXTargetDependency section */
		014F32FB27D6AA7600037093 /* PBXTargetDependency */ = {
			isa = PBXTargetDependency;
			target = 014F32E227D6AA7400037093 /* Articles_Task */;
			targetProxy = 014F32FA27D6AA7600037093 /* PBXContainerItemProxy */;
		};
		014F330527D6AA7600037093 /* PBXTargetDependency */ = {
			isa = PBXTargetDependency;
			target = 014F32E227D6AA7400037093 /* Articles_Task */;
			targetProxy = 014F330427D6AA7600037093 /* PBXContainerItemProxy */;
		};
/* End PBXTargetDependency section */

/* Begin PBXVariantGroup section */
		014F32EC27D6AA7400037093 /* Main.storyboard */ = {
			isa = PBXVariantGroup;
			children = (
				014F32ED27D6AA7400037093 /* Base */,
			);
			name = Main.storyboard;
			sourceTree = "<group>";
		};
		014F32F127D6AA7500037093 /* LaunchScreen.storyboard */ = {
			isa = PBXVariantGroup;
			children = (
				014F32F227D6AA7500037093 /* Base */,
			);
			name = LaunchScreen.storyboard;
			sourceTree = "<group>";
		};
/* End PBXVariantGroup section */

/* Begin XCBuildConfiguration section */
		014F330B27D6AA7600037093 /* Debug */ = {
			isa = XCBuildConfiguration;
			buildSettings = {
				ALWAYS_SEARCH_USER_PATHS = NO;
				CLANG_ANALYZER_NONNULL = YES;
				CLANG_ANALYZER_NUMBER_OBJECT_CONVERSION = YES_AGGRESSIVE;
				CLANG_CXX_LANGUAGE_STANDARD = "gnu++17";
				CLANG_CXX_LIBRARY = "libc++";
				CLANG_ENABLE_MODULES = YES;
				CLANG_ENABLE_OBJC_ARC = YES;
				CLANG_ENABLE_OBJC_WEAK = YES;
				CLANG_WARN_BLOCK_CAPTURE_AUTORELEASING = YES;
				CLANG_WARN_BOOL_CONVERSION = YES;
				CLANG_WARN_COMMA = YES;
				CLANG_WARN_CONSTANT_CONVERSION = YES;
				CLANG_WARN_DEPRECATED_OBJC_IMPLEMENTATIONS = YES;
				CLANG_WARN_DIRECT_OBJC_ISA_USAGE = YES_ERROR;
				CLANG_WARN_DOCUMENTATION_COMMENTS = YES;
				CLANG_WARN_EMPTY_BODY = YES;
				CLANG_WARN_ENUM_CONVERSION = YES;
				CLANG_WARN_INFINITE_RECURSION = YES;
				CLANG_WARN_INT_CONVERSION = YES;
				CLANG_WARN_NON_LITERAL_NULL_CONVERSION = YES;
				CLANG_WARN_OBJC_IMPLICIT_RETAIN_SELF = YES;
				CLANG_WARN_OBJC_LITERAL_CONVERSION = YES;
				CLANG_WARN_OBJC_ROOT_CLASS = YES_ERROR;
				CLANG_WARN_QUOTED_INCLUDE_IN_FRAMEWORK_HEADER = YES;
				CLANG_WARN_RANGE_LOOP_ANALYSIS = YES;
				CLANG_WARN_STRICT_PROTOTYPES = YES;
				CLANG_WARN_SUSPICIOUS_MOVE = YES;
				CLANG_WARN_UNGUARDED_AVAILABILITY = YES_AGGRESSIVE;
				CLANG_WARN_UNREACHABLE_CODE = YES;
				CLANG_WARN__DUPLICATE_METHOD_MATCH = YES;
				COPY_PHASE_STRIP = NO;
				DEBUG_INFORMATION_FORMAT = dwarf;
				ENABLE_STRICT_OBJC_MSGSEND = YES;
				ENABLE_TESTABILITY = YES;
				GCC_C_LANGUAGE_STANDARD = gnu11;
				GCC_DYNAMIC_NO_PIC = NO;
				GCC_NO_COMMON_BLOCKS = YES;
				GCC_OPTIMIZATION_LEVEL = 0;
				GCC_PREPROCESSOR_DEFINITIONS = (
					"DEBUG=1",
					"$(inherited)",
				);
				GCC_WARN_64_TO_32_BIT_CONVERSION = YES;
				GCC_WARN_ABOUT_RETURN_TYPE = YES_ERROR;
				GCC_WARN_UNDECLARED_SELECTOR = YES;
				GCC_WARN_UNINITIALIZED_AUTOS = YES_AGGRESSIVE;
				GCC_WARN_UNUSED_FUNCTION = YES;
				GCC_WARN_UNUSED_VARIABLE = YES;
				IPHONEOS_DEPLOYMENT_TARGET = 13.0;
				MTL_ENABLE_DEBUG_INFO = INCLUDE_SOURCE;
				MTL_FAST_MATH = YES;
				ONLY_ACTIVE_ARCH = YES;
				SDKROOT = iphoneos;
				SWIFT_ACTIVE_COMPILATION_CONDITIONS = DEBUG;
				SWIFT_OPTIMIZATION_LEVEL = "-Onone";
			};
			name = Debug;
		};
		014F330C27D6AA7600037093 /* Release */ = {
			isa = XCBuildConfiguration;
			buildSettings = {
				ALWAYS_SEARCH_USER_PATHS = NO;
				CLANG_ANALYZER_NONNULL = YES;
				CLANG_ANALYZER_NUMBER_OBJECT_CONVERSION = YES_AGGRESSIVE;
				CLANG_CXX_LANGUAGE_STANDARD = "gnu++17";
				CLANG_CXX_LIBRARY = "libc++";
				CLANG_ENABLE_MODULES = YES;
				CLANG_ENABLE_OBJC_ARC = YES;
				CLANG_ENABLE_OBJC_WEAK = YES;
				CLANG_WARN_BLOCK_CAPTURE_AUTORELEASING = YES;
				CLANG_WARN_BOOL_CONVERSION = YES;
				CLANG_WARN_COMMA = YES;
				CLANG_WARN_CONSTANT_CONVERSION = YES;
				CLANG_WARN_DEPRECATED_OBJC_IMPLEMENTATIONS = YES;
				CLANG_WARN_DIRECT_OBJC_ISA_USAGE = YES_ERROR;
				CLANG_WARN_DOCUMENTATION_COMMENTS = YES;
				CLANG_WARN_EMPTY_BODY = YES;
				CLANG_WARN_ENUM_CONVERSION = YES;
				CLANG_WARN_INFINITE_RECURSION = YES;
				CLANG_WARN_INT_CONVERSION = YES;
				CLANG_WARN_NON_LITERAL_NULL_CONVERSION = YES;
				CLANG_WARN_OBJC_IMPLICIT_RETAIN_SELF = YES;
				CLANG_WARN_OBJC_LITERAL_CONVERSION = YES;
				CLANG_WARN_OBJC_ROOT_CLASS = YES_ERROR;
				CLANG_WARN_QUOTED_INCLUDE_IN_FRAMEWORK_HEADER = YES;
				CLANG_WARN_RANGE_LOOP_ANALYSIS = YES;
				CLANG_WARN_STRICT_PROTOTYPES = YES;
				CLANG_WARN_SUSPICIOUS_MOVE = YES;
				CLANG_WARN_UNGUARDED_AVAILABILITY = YES_AGGRESSIVE;
				CLANG_WARN_UNREACHABLE_CODE = YES;
				CLANG_WARN__DUPLICATE_METHOD_MATCH = YES;
				COPY_PHASE_STRIP = NO;
				DEBUG_INFORMATION_FORMAT = "dwarf-with-dsym";
				ENABLE_NS_ASSERTIONS = NO;
				ENABLE_STRICT_OBJC_MSGSEND = YES;
				GCC_C_LANGUAGE_STANDARD = gnu11;
				GCC_NO_COMMON_BLOCKS = YES;
				GCC_WARN_64_TO_32_BIT_CONVERSION = YES;
				GCC_WARN_ABOUT_RETURN_TYPE = YES_ERROR;
				GCC_WARN_UNDECLARED_SELECTOR = YES;
				GCC_WARN_UNINITIALIZED_AUTOS = YES_AGGRESSIVE;
				GCC_WARN_UNUSED_FUNCTION = YES;
				GCC_WARN_UNUSED_VARIABLE = YES;
				IPHONEOS_DEPLOYMENT_TARGET = 13.0;
				MTL_ENABLE_DEBUG_INFO = NO;
				MTL_FAST_MATH = YES;
				SDKROOT = iphoneos;
				SWIFT_COMPILATION_MODE = wholemodule;
				SWIFT_OPTIMIZATION_LEVEL = "-O";
				VALIDATE_PRODUCT = YES;
			};
			name = Release;
		};
		014F330E27D6AA7600037093 /* Debug */ = {
			isa = XCBuildConfiguration;
			baseConfigurationReference = EC11C86ECBA9635FC83FEA7C /* Pods-Articles_Task.debug.xcconfig */;
			buildSettings = {
				ASSETCATALOG_COMPILER_APPICON_NAME = AppIcon;
				ASSETCATALOG_COMPILER_GLOBAL_ACCENT_COLOR_NAME = AccentColor;
				CODE_SIGN_STYLE = Automatic;
				CURRENT_PROJECT_VERSION = 1;
				DEVELOPMENT_TEAM = K299V5NB32;
				GENERATE_INFOPLIST_FILE = YES;
				INFOPLIST_FILE = Articles_Task/Info.plist;
				INFOPLIST_KEY_UIApplicationSupportsIndirectInputEvents = YES;
				INFOPLIST_KEY_UILaunchStoryboardName = LaunchScreen;
				INFOPLIST_KEY_UIMainStoryboardFile = Main;
				INFOPLIST_KEY_UISupportedInterfaceOrientations = UIInterfaceOrientationPortrait;
				INFOPLIST_KEY_UISupportedInterfaceOrientations_iPad = "UIInterfaceOrientationPortrait UIInterfaceOrientationPortraitUpsideDown UIInterfaceOrientationLandscapeLeft UIInterfaceOrientationLandscapeRight";
				INFOPLIST_KEY_UISupportedInterfaceOrientations_iPhone = "UIInterfaceOrientationPortrait UIInterfaceOrientationLandscapeLeft UIInterfaceOrientationLandscapeRight";
				LD_RUNPATH_SEARCH_PATHS = (
					"$(inherited)",
					"@executable_path/Frameworks",
				);
				MARKETING_VERSION = 1.0;
				PRODUCT_BUNDLE_IDENTIFIER = com.moamen.ArticlesTask;
				PRODUCT_NAME = "$(TARGET_NAME)";
				SWIFT_EMIT_LOC_STRINGS = YES;
				SWIFT_VERSION = 5.0;
				TARGETED_DEVICE_FAMILY = 1;
			};
			name = Debug;
		};
		014F330F27D6AA7600037093 /* Release */ = {
			isa = XCBuildConfiguration;
			baseConfigurationReference = 95449876183A4E5D54FB6A77 /* Pods-Articles_Task.release.xcconfig */;
			buildSettings = {
				ASSETCATALOG_COMPILER_APPICON_NAME = AppIcon;
				ASSETCATALOG_COMPILER_GLOBAL_ACCENT_COLOR_NAME = AccentColor;
				CODE_SIGN_STYLE = Automatic;
				CURRENT_PROJECT_VERSION = 1;
				DEVELOPMENT_TEAM = K299V5NB32;
				GENERATE_INFOPLIST_FILE = YES;
				INFOPLIST_FILE = Articles_Task/Info.plist;
				INFOPLIST_KEY_UIApplicationSupportsIndirectInputEvents = YES;
				INFOPLIST_KEY_UILaunchStoryboardName = LaunchScreen;
				INFOPLIST_KEY_UIMainStoryboardFile = Main;
				INFOPLIST_KEY_UISupportedInterfaceOrientations = UIInterfaceOrientationPortrait;
				INFOPLIST_KEY_UISupportedInterfaceOrientations_iPad = "UIInterfaceOrientationPortrait UIInterfaceOrientationPortraitUpsideDown UIInterfaceOrientationLandscapeLeft UIInterfaceOrientationLandscapeRight";
				INFOPLIST_KEY_UISupportedInterfaceOrientations_iPhone = "UIInterfaceOrientationPortrait UIInterfaceOrientationLandscapeLeft UIInterfaceOrientationLandscapeRight";
				LD_RUNPATH_SEARCH_PATHS = (
					"$(inherited)",
					"@executable_path/Frameworks",
				);
				MARKETING_VERSION = 1.0;
				PRODUCT_BUNDLE_IDENTIFIER = com.moamen.ArticlesTask;
				PRODUCT_NAME = "$(TARGET_NAME)";
				SWIFT_EMIT_LOC_STRINGS = YES;
				SWIFT_VERSION = 5.0;
				TARGETED_DEVICE_FAMILY = 1;
			};
			name = Release;
		};
		014F331127D6AA7600037093 /* Debug */ = {
			isa = XCBuildConfiguration;
			baseConfigurationReference = C7F207D66DF45FD833D57B6F /* Pods-Articles_TaskTests.debug.xcconfig */;
			buildSettings = {
				ALWAYS_EMBED_SWIFT_STANDARD_LIBRARIES = YES;
				BUNDLE_LOADER = "$(TEST_HOST)";
				CODE_SIGN_STYLE = Automatic;
				CURRENT_PROJECT_VERSION = 1;
				DEVELOPMENT_TEAM = K299V5NB32;
				GENERATE_INFOPLIST_FILE = YES;
				IPHONEOS_DEPLOYMENT_TARGET = 15.2;
				MARKETING_VERSION = 1.0;
				PRODUCT_BUNDLE_IDENTIFIER = "com.moamen.Articles-TaskTests";
				PRODUCT_NAME = "$(TARGET_NAME)";
				SWIFT_EMIT_LOC_STRINGS = NO;
				SWIFT_VERSION = 5.0;
				TARGETED_DEVICE_FAMILY = "1,2";
				TEST_HOST = "$(BUILT_PRODUCTS_DIR)/Articles_Task.app/Articles_Task";
			};
			name = Debug;
		};
		014F331227D6AA7600037093 /* Release */ = {
			isa = XCBuildConfiguration;
			baseConfigurationReference = 61233714571DED79502C6E51 /* Pods-Articles_TaskTests.release.xcconfig */;
			buildSettings = {
				ALWAYS_EMBED_SWIFT_STANDARD_LIBRARIES = YES;
				BUNDLE_LOADER = "$(TEST_HOST)";
				CODE_SIGN_STYLE = Automatic;
				CURRENT_PROJECT_VERSION = 1;
				DEVELOPMENT_TEAM = K299V5NB32;
				GENERATE_INFOPLIST_FILE = YES;
				IPHONEOS_DEPLOYMENT_TARGET = 15.2;
				MARKETING_VERSION = 1.0;
				PRODUCT_BUNDLE_IDENTIFIER = "com.moamen.Articles-TaskTests";
				PRODUCT_NAME = "$(TARGET_NAME)";
				SWIFT_EMIT_LOC_STRINGS = NO;
				SWIFT_VERSION = 5.0;
				TARGETED_DEVICE_FAMILY = "1,2";
				TEST_HOST = "$(BUILT_PRODUCTS_DIR)/Articles_Task.app/Articles_Task";
			};
			name = Release;
		};
		014F331427D6AA7600037093 /* Debug */ = {
			isa = XCBuildConfiguration;
			baseConfigurationReference = DC58A17A5B7AE9C817B897BA /* Pods-Articles_Task-Articles_TaskUITests.debug.xcconfig */;
			buildSettings = {
				ALWAYS_EMBED_SWIFT_STANDARD_LIBRARIES = YES;
				CODE_SIGN_STYLE = Automatic;
				CURRENT_PROJECT_VERSION = 1;
				DEVELOPMENT_TEAM = K299V5NB32;
				GENERATE_INFOPLIST_FILE = YES;
				MARKETING_VERSION = 1.0;
				PRODUCT_BUNDLE_IDENTIFIER = "com.moamen.Articles-TaskUITests";
				PRODUCT_NAME = "$(TARGET_NAME)";
				SWIFT_EMIT_LOC_STRINGS = NO;
				SWIFT_VERSION = 5.0;
				TARGETED_DEVICE_FAMILY = "1,2";
				TEST_TARGET_NAME = Articles_Task;
			};
			name = Debug;
		};
		014F331527D6AA7600037093 /* Release */ = {
			isa = XCBuildConfiguration;
			baseConfigurationReference = 928582C049340DB9DA0F9692 /* Pods-Articles_Task-Articles_TaskUITests.release.xcconfig */;
			buildSettings = {
				ALWAYS_EMBED_SWIFT_STANDARD_LIBRARIES = YES;
				CODE_SIGN_STYLE = Automatic;
				CURRENT_PROJECT_VERSION = 1;
				DEVELOPMENT_TEAM = K299V5NB32;
				GENERATE_INFOPLIST_FILE = YES;
				MARKETING_VERSION = 1.0;
				PRODUCT_BUNDLE_IDENTIFIER = "com.moamen.Articles-TaskUITests";
				PRODUCT_NAME = "$(TARGET_NAME)";
				SWIFT_EMIT_LOC_STRINGS = NO;
				SWIFT_VERSION = 5.0;
				TARGETED_DEVICE_FAMILY = "1,2";
				TEST_TARGET_NAME = Articles_Task;
			};
			name = Release;
		};
/* End XCBuildConfiguration section */

/* Begin XCConfigurationList section */
		014F32DE27D6AA7400037093 /* Build configuration list for PBXProject "Articles_Task" */ = {
			isa = XCConfigurationList;
			buildConfigurations = (
				014F330B27D6AA7600037093 /* Debug */,
				014F330C27D6AA7600037093 /* Release */,
			);
			defaultConfigurationIsVisible = 0;
			defaultConfigurationName = Release;
		};
		014F330D27D6AA7600037093 /* Build configuration list for PBXNativeTarget "Articles_Task" */ = {
			isa = XCConfigurationList;
			buildConfigurations = (
				014F330E27D6AA7600037093 /* Debug */,
				014F330F27D6AA7600037093 /* Release */,
			);
			defaultConfigurationIsVisible = 0;
			defaultConfigurationName = Release;
		};
		014F331027D6AA7600037093 /* Build configuration list for PBXNativeTarget "Articles_TaskTests" */ = {
			isa = XCConfigurationList;
			buildConfigurations = (
				014F331127D6AA7600037093 /* Debug */,
				014F331227D6AA7600037093 /* Release */,
			);
			defaultConfigurationIsVisible = 0;
			defaultConfigurationName = Release;
		};
		014F331327D6AA7600037093 /* Build configuration list for PBXNativeTarget "Articles_TaskUITests" */ = {
			isa = XCConfigurationList;
			buildConfigurations = (
				014F331427D6AA7600037093 /* Debug */,
				014F331527D6AA7600037093 /* Release */,
			);
			defaultConfigurationIsVisible = 0;
			defaultConfigurationName = Release;
		};
/* End XCConfigurationList section */
	};
	rootObject = 014F32DB27D6AA7400037093 /* Project object */;
}
